
Microsoft Visual Studio Solution File, Format Version 12.00
# Visual Studio 15
VisualStudioVersion = 15.0.26124.0
MinimumVisualStudioVersion = 15.0.26124.0
Project("{9A19103F-16F7-4668-BE54-9A1E7A4F7556}") = "R5T.Glyfada.Default.Construction", "R5T.Glyfada.Default.Construction\R5T.Glyfada.Default.Construction.csproj", "{4D6AF3F0-A87E-4B45-9E04-CB3C81621C48}"
EndProject
Project("{9A19103F-16F7-4668-BE54-9A1E7A4F7556}") = "R5T.Glyfada.Default", "R5T.Glyfada.Default\R5T.Glyfada.Default.csproj", "{35080707-2D31-4CDB-A7C6-4E3B322125DD}"
EndProject
Project("{2150E333-8FDC-42A3-9474-1A3956D46DE8}") = "_Dependencies", "_Dependencies", "{BCF54DD7-6A2E-4B7D-A5BD-A3E378EE49AD}"
EndProject
Project("{9A19103F-16F7-4668-BE54-9A1E7A4F7556}") = "R5T.Glyfada.Commands", "..\..\R5T.Glyfada.Commands\source\R5T.Glyfada.Commands\R5T.Glyfada.Commands.csproj", "{E7DD0EA2-BA42-4BE3-8156-5D86B8D58EE1}"
EndProject
Project("{9A19103F-16F7-4668-BE54-9A1E7A4F7556}") = "R5T.Glyfada.Base", "..\..\R5T.Glyfada.Base\source\R5T.Glyfada.Base\R5T.Glyfada.Base.csproj", "{ADBAB017-5DE1-4CDD-821C-C180AF0205EC}"
EndProject
Project("{9A19103F-16F7-4668-BE54-9A1E7A4F7556}") = "R5T.Volos", "..\..\R5T.Volos\source\R5T.Volos\R5T.Volos.csproj", "{C40B12D8-D6CC-4FB0-90FA-7BA296C88E67}"
EndProject
Project("{9A19103F-16F7-4668-BE54-9A1E7A4F7556}") = "R5T.Heraklion", "..\..\R5T.Heraklion\source\R5T.Heraklion\R5T.Heraklion.csproj", "{EF2CEFF5-E85C-415A-A00B-AC42AFE14B5D}"
EndProject
Project("{9A19103F-16F7-4668-BE54-9A1E7A4F7556}") = "R5T.Piraeus", "..\..\R5T.Piraeus\source\R5T.Piraeus\R5T.Piraeus.csproj", "{907963AF-BC40-4930-AECA-F2A354DAFEA0}"
EndProject
Project("{9A19103F-16F7-4668-BE54-9A1E7A4F7556}") = "R5T.Magyar", "..\..\R5T.Magyar\source\R5T.Magyar\R5T.Magyar.csproj", "{4D13D087-ECF4-4C5A-848A-79809118446A}"
EndProject
Project("{9A19103F-16F7-4668-BE54-9A1E7A4F7556}") = "R5T.Heraklion.Default", "..\..\R5T.Heraklion.Default\source\R5T.Heraklion.Default\R5T.Heraklion.Default.csproj", "{49BE29C0-4F7A-4955-A084-04A382468BAE}"
EndProject
Project("{9A19103F-16F7-4668-BE54-9A1E7A4F7556}") = "R5T.Piraeus.StringBuilder", "..\..\R5T.Piraeus.StringBuilder\source\R5T.Piraeus.StringBuilder\R5T.Piraeus.StringBuilder.csproj", "{FF936BBC-C990-4B21-8ADC-4061758F2A84}"
EndProject
Project("{9A19103F-16F7-4668-BE54-9A1E7A4F7556}") = "R5T.Caledonia.Base", "..\..\R5T.Caledonia.Base\source\R5T.Caledonia.Base\R5T.Caledonia.Base.csproj", "{EA24BE44-6B09-4DCA-97D3-FDA04C9EF54C}"
EndProject
Project("{9A19103F-16F7-4668-BE54-9A1E7A4F7556}") = "R5T.Caledonia.Types", "..\..\R5T.Caledonia.Types\source\R5T.Caledonia.Types\R5T.Caledonia.Types.csproj", "{AA373081-2BB8-490B-82C1-39DA061CBCB4}"
EndProject
Project("{9A19103F-16F7-4668-BE54-9A1E7A4F7556}") = "R5T.Nikaia.Base", "..\..\R5T.Nikaia.Base\source\R5T.Nikaia.Base\R5T.Nikaia.Base.csproj", "{0C3826CA-3208-445D-8A7C-CA24EF0D44E6}"
EndProject
Project("{9A19103F-16F7-4668-BE54-9A1E7A4F7556}") = "R5T.Derby", "..\..\R5T.Derby\source\R5T.Derby\R5T.Derby.csproj", "{7133983D-77F7-4BFD-8324-DB01D6F0550B}"
EndProject
Project("{9A19103F-16F7-4668-BE54-9A1E7A4F7556}") = "R5T.Ives.Configuration", "..\..\R5T.Ives.Configuration\source\R5T.Ives.Configuration\R5T.Ives.Configuration.csproj", "{7CDD8B1C-DA52-4B5A-907A-C90D88B616B6}"
EndProject
Project("{9A19103F-16F7-4668-BE54-9A1E7A4F7556}") = "R5T.Chamavia", "..\..\R5T.Chamavia\source\R5T.Chamavia\R5T.Chamavia.csproj", "{207E8B4A-5510-40D6-989E-0B2D8DC37D8F}"
EndProject
Project("{9A19103F-16F7-4668-BE54-9A1E7A4F7556}") = "R5T.Ives.Base", "..\..\R5T.Ives.Base\source\R5T.Ives.Base\R5T.Ives.Base.csproj", "{BA77E35E-3B08-4773-A8E8-02BBFD57E075}"
EndProject
Project("{9A19103F-16F7-4668-BE54-9A1E7A4F7556}") = "R5T.Leeds", "..\..\R5T.Leeds\source\R5T.Leeds\R5T.Leeds.csproj", "{9A63071D-27C5-4F52-B397-41291BD59E75}"
EndProject
Project("{9A19103F-16F7-4668-BE54-9A1E7A4F7556}") = "R5T.Hastings.Default", "..\..\R5T.Hastings.Default\source\R5T.Hastings.Default\R5T.Hastings.Default.csproj", "{6E0F8585-3F24-4163-8FC9-8CC1F1532507}"
EndProject
Project("{9A19103F-16F7-4668-BE54-9A1E7A4F7556}") = "R5T.Brighton", "..\..\R5T.Brighton\source\R5T.Brighton\R5T.Brighton.csproj", "{63B41726-EFE6-4835-A953-D304FE0E7F53}"
EndProject
Project("{9A19103F-16F7-4668-BE54-9A1E7A4F7556}") = "R5T.Delos", "..\..\R5T.Delos\source\R5T.Delos\R5T.Delos.csproj", "{218671D9-2A8F-4887-855E-9AA113DB0A8D}"
EndProject
Project("{9A19103F-16F7-4668-BE54-9A1E7A4F7556}") = "R5T.Stagira", "..\..\R5T.Stagira\source\R5T.Stagira\R5T.Stagira.csproj", "{A20F58A9-66C5-42C4-8D0D-7D9C5F0BF529}"
EndProject
Project("{9A19103F-16F7-4668-BE54-9A1E7A4F7556}") = "R5T.Hastings.Base", "..\..\R5T.Hastings.Base\source\R5T.Hastings.Base\R5T.Hastings.Base.csproj", "{A9090C92-22AD-4BB7-84F5-03318CCD8E85}"
EndProject
Project("{9A19103F-16F7-4668-BE54-9A1E7A4F7556}") = "R5T.Sardinia", "..\..\R5T.Sardinia\source\R5T.Sardinia\R5T.Sardinia.csproj", "{CBB030EF-0A02-464C-A109-8B0F7DEC4489}"
EndProject
Project("{9A19103F-16F7-4668-BE54-9A1E7A4F7556}") = "R5T.Dacia", "..\..\R5T.Dacia\source\R5T.Dacia\R5T.Dacia.csproj", "{F6AD1007-2F48-494D-BBCC-118F5BA472EE}"
EndProject
Project("{9A19103F-16F7-4668-BE54-9A1E7A4F7556}") = "R5T.Macommania.Default", "..\..\R5T.Macommania.Default\source\R5T.Macommania.Default\R5T.Macommania.Default.csproj", "{F77E10E3-A1B3-4DDC-9B91-7FD31096BC3E}"
EndProject
Project("{9A19103F-16F7-4668-BE54-9A1E7A4F7556}") = "R5T.Lombardy.Base", "..\..\R5T.Lombardy.Base\source\R5T.Lombardy.Base\R5T.Lombardy.Base.csproj", "{5A36EE46-E0FC-424B-B254-4DA6C6B6B75C}"
EndProject
Project("{9A19103F-16F7-4668-BE54-9A1E7A4F7556}") = "R5T.Macommania.Base", "..\..\R5T.Macommania.Base\source\R5T.Macommania.Base\R5T.Macommania.Base.csproj", "{74D182AD-D6F6-464D-91FF-1AF0093230AA}"
EndProject
Project("{9A19103F-16F7-4668-BE54-9A1E7A4F7556}") = "R5T.Scotia", "..\..\R5T.Scotia\source\R5T.Scotia\R5T.Scotia.csproj", "{3B2A267E-A2C1-41C9-AA14-EE136BBA42A8}"
EndProject
Project("{9A19103F-16F7-4668-BE54-9A1E7A4F7556}") = "R5T.Alamania.Bulgaria", "..\..\R5T.Alamania.Bulgaria\source\R5T.Alamania.Bulgaria\R5T.Alamania.Bulgaria.csproj", "{0D368D0C-62B2-4909-997C-7297FCBDA570}"
EndProject
Project("{9A19103F-16F7-4668-BE54-9A1E7A4F7556}") = "R5T.Alamania.Base", "..\..\R5T.Alamania.Base\source\R5T.Alamania.Base\R5T.Alamania.Base.csproj", "{23B86A2C-DD6C-4571-BD33-88518743941D}"
EndProject
Project("{9A19103F-16F7-4668-BE54-9A1E7A4F7556}") = "R5T.Bulgaria.Base", "..\..\R5T.Bulgaria.Base\source\R5T.Bulgaria.Base\R5T.Bulgaria.Base.csproj", "{1244D770-FD12-4A62-8E23-C20FC54E8405}"
EndProject
Project("{9A19103F-16F7-4668-BE54-9A1E7A4F7556}") = "R5T.Costobocia.Base", "..\..\R5T.Costobocia.Base\source\R5T.Costobocia.Base\R5T.Costobocia.Base.csproj", "{99187F8B-4398-4753-86CD-396953E6CBC8}"
EndProject
Project("{9A19103F-16F7-4668-BE54-9A1E7A4F7556}") = "R5T.Ostrogothia", "..\..\R5T.Ostrogothia\source\R5T.Ostrogothia\R5T.Ostrogothia.csproj", "{A7B53CE9-4DBE-42CC-A0BF-C90D3A8EA742}"
EndProject
Project("{9A19103F-16F7-4668-BE54-9A1E7A4F7556}") = "R5T.Ostrogothia.Rivet", "..\..\R5T.Ostrogothia.Rivet\source\R5T.Ostrogothia.Rivet\R5T.Ostrogothia.Rivet.csproj", "{8DDF14A9-90ED-4BB8-814C-8A477D48EB0F}"
EndProject
Project("{9A19103F-16F7-4668-BE54-9A1E7A4F7556}") = "R5T.Bulgaria.Default.Local", "..\..\R5T.Bulgaria.Default.Local\source\R5T.Bulgaria.Default.Local\R5T.Bulgaria.Default.Local.csproj", "{AE5E0947-3466-43EE-BFC7-FAF29146F214}"
EndProject
Project("{9A19103F-16F7-4668-BE54-9A1E7A4F7556}") = "R5T.Visigothia.Base", "..\..\R5T.Visigothia.Base\source\R5T.Visigothia.Base\R5T.Visigothia.Base.csproj", "{37BC1795-3928-4B7D-BDD1-835103501DA3}"
EndProject
Project("{9A19103F-16F7-4668-BE54-9A1E7A4F7556}") = "R5T.Costobocia.Default", "..\..\R5T.Costobocia.Default\source\R5T.Costobocia.Default\R5T.Costobocia.Default.csproj", "{BB1E219F-75CB-419C-A88F-4A8A70ED9C14}"
EndProject
Project("{9A19103F-16F7-4668-BE54-9A1E7A4F7556}") = "R5T.Lombardy", "..\..\R5T.Lombardy\source\R5T.Lombardy\R5T.Lombardy.csproj", "{7B5BDDAE-9D9E-47FF-A74E-1CFB48C4C3CB}"
EndProject
Project("{9A19103F-16F7-4668-BE54-9A1E7A4F7556}") = "R5T.Cherusci", "..\..\R5T.Cherusci\source\R5T.Cherusci\R5T.Cherusci.csproj", "{544ECA42-14CA-4401-A04B-A8652A0A77B6}"
EndProject
Project("{9A19103F-16F7-4668-BE54-9A1E7A4F7556}") = "R5T.Rugia", "..\..\R5T.Rugia\source\R5T.Rugia\R5T.Rugia.csproj", "{45C291C7-0877-4BD6-A414-4634E81F4C74}"
EndProject
Project("{9A19103F-16F7-4668-BE54-9A1E7A4F7556}") = "R5T.Rugia.Base", "..\..\R5T.Rugia.Base\source\R5T.Rugia.Base\R5T.Rugia.Base.csproj", "{AB016CB2-2262-4CFE-82BF-412E8B23A9E8}"
EndProject
Project("{9A19103F-16F7-4668-BE54-9A1E7A4F7556}") = "R5T.Suebia.Alamania", "..\..\R5T.Suebia.Alamania\source\R5T.Suebia.Alamania\R5T.Suebia.Alamania.csproj", "{263CA1C2-7AB4-41D3-90B3-A2C622236413}"
EndProject
Project("{9A19103F-16F7-4668-BE54-9A1E7A4F7556}") = "R5T.Suebia.Base", "..\..\R5T.Suebia.Base\source\R5T.Suebia.Base\R5T.Suebia.Base.csproj", "{CF6236D5-0DDD-49F8-8E20-9ECD6A2A2B8A}"
EndProject
Project("{9A19103F-16F7-4668-BE54-9A1E7A4F7556}") = "R5T.Suebia.Default", "..\..\R5T.Suebia.Default\source\R5T.Suebia.Default\R5T.Suebia.Default.csproj", "{C1C43FD0-A75A-4733-B0CA-66E44AE1C954}"
EndProject
Project("{9A19103F-16F7-4668-BE54-9A1E7A4F7556}") = "R5T.Visigothia.Default.Local", "..\..\R5T.Visigothia.Default.Local\source\R5T.Visigothia.Default.Local\R5T.Visigothia.Default.Local.csproj", "{895D53D6-8180-4A83-BF98-08281A20E6B6}"
EndProject
Project("{9A19103F-16F7-4668-BE54-9A1E7A4F7556}") = "R5T.Suebia.Hastings", "..\..\R5T.Suebia.Hastings\source\R5T.Suebia.Hastings\R5T.Suebia.Hastings.csproj", "{A2772C86-120F-45D2-80EA-7A28BC40941F}"
EndProject
Project("{9A19103F-16F7-4668-BE54-9A1E7A4F7556}") = "R5T.Richmond", "..\..\R5T.Richmond\source\R5T.Richmond\R5T.Richmond.csproj", "{879D21B6-0609-4751-A06F-A9A910B0FB06}"
EndProject
Project("{9A19103F-16F7-4668-BE54-9A1E7A4F7556}") = "R5T.Langobard", "..\..\R5T.Langobard\source\R5T.Langobard\R5T.Langobard.csproj", "{EDF6229D-843B-456F-AB97-C38B56BDCA61}"
EndProject
Project("{9A19103F-16F7-4668-BE54-9A1E7A4F7556}") = "R5T.Shrewsbury.Default", "..\..\R5T.Shrewsbury.Default\source\R5T.Shrewsbury.Default\R5T.Shrewsbury.Default.csproj", "{AE3845AD-0AE2-4FD2-83AC-7242C3C604F4}"
EndProject
Project("{9A19103F-16F7-4668-BE54-9A1E7A4F7556}") = "R5T.Shrewsbury.Base", "..\..\R5T.Shrewsbury.Base\source\R5T.Shrewsbury.Base\R5T.Shrewsbury.Base.csproj", "{C8B0A2E1-8BD3-466D-96B4-EFF12ABCE1AF}"
EndProject
Project("{9A19103F-16F7-4668-BE54-9A1E7A4F7556}") = "R5T.Shrewsbury", "..\..\R5T.Shrewsbury\source\R5T.Shrewsbury\R5T.Shrewsbury.csproj", "{897F33B0-B7CB-4583-913A-25DF9D22CBB6}"
EndProject
Project("{9A19103F-16F7-4668-BE54-9A1E7A4F7556}") = "R5T.Shrewsbury.Extensions", "..\..\R5T.Shrewsbury.Extensions\source\R5T.Shrewsbury.Extensions\R5T.Shrewsbury.Extensions.csproj", "{F5B77E69-582D-4EA6-9F7D-EE9533BCB378}"
EndProject
Project("{9A19103F-16F7-4668-BE54-9A1E7A4F7556}") = "R5T.Nikaia.Configuration.Suebia", "..\..\R5T.Nikaia.Configuration.Suebia\source\R5T.Nikaia.Configuration.Suebia\R5T.Nikaia.Configuration.Suebia.csproj", "{48EB0EB2-C00A-4726-A110-2183FAC6461C}"
EndProject
Project("{9A19103F-16F7-4668-BE54-9A1E7A4F7556}") = "R5T.Nikaia.Configuration", "..\..\R5T.Nikaia.Configuration\source\R5T.Nikaia.Configuration\R5T.Nikaia.Configuration.csproj", "{8770C583-8C27-4A98-9280-BF4E6F46A2E1}"
EndProject
Project("{9A19103F-16F7-4668-BE54-9A1E7A4F7556}") = "R5T.Caledonia.Default", "..\..\R5T.Caledonia.Default\source\R5T.Caledonia.Default\R5T.Caledonia.Default.csproj", "{D30FFF6C-B831-4925-9CE0-1502E36FD4F8}"
EndProject
Project("{9A19103F-16F7-4668-BE54-9A1E7A4F7556}") = "R5T.Opatia", "..\..\R5T.Opatia\source\R5T.Opatia\R5T.Opatia.csproj", "{B22B90FB-655E-4783-A68B-409C4C12CE55}"
EndProject
Project("{9A19103F-16F7-4668-BE54-9A1E7A4F7556}") = "R5T.Glyfada.Standard", "..\..\R5T.Glyfada.Standard\source\R5T.Glyfada.Standard\R5T.Glyfada.Standard.csproj", "{3C5858DE-EF4E-4EEB-84E7-E988E9A28A86}"
EndProject
Project("{FAE04EC0-301F-11D3-BF4B-00C04F79EFBC}") = "R5T.T0064", "..\..\R5T.T0064\source\R5T.T0064\R5T.T0064.csproj", "{23CD9E94-545B-4721-80A2-5509576D4029}"
EndProject
Global
	GlobalSection(SolutionConfigurationPlatforms) = preSolution
		Debug|Any CPU = Debug|Any CPU
		Debug|x64 = Debug|x64
		Debug|x86 = Debug|x86
		Release|Any CPU = Release|Any CPU
		Release|x64 = Release|x64
		Release|x86 = Release|x86
	EndGlobalSection
	GlobalSection(ProjectConfigurationPlatforms) = postSolution
		{4D6AF3F0-A87E-4B45-9E04-CB3C81621C48}.Debug|Any CPU.ActiveCfg = Debug|Any CPU
		{4D6AF3F0-A87E-4B45-9E04-CB3C81621C48}.Debug|Any CPU.Build.0 = Debug|Any CPU
		{4D6AF3F0-A87E-4B45-9E04-CB3C81621C48}.Debug|x64.ActiveCfg = Debug|Any CPU
		{4D6AF3F0-A87E-4B45-9E04-CB3C81621C48}.Debug|x64.Build.0 = Debug|Any CPU
		{4D6AF3F0-A87E-4B45-9E04-CB3C81621C48}.Debug|x86.ActiveCfg = Debug|Any CPU
		{4D6AF3F0-A87E-4B45-9E04-CB3C81621C48}.Debug|x86.Build.0 = Debug|Any CPU
		{4D6AF3F0-A87E-4B45-9E04-CB3C81621C48}.Release|Any CPU.ActiveCfg = Release|Any CPU
		{4D6AF3F0-A87E-4B45-9E04-CB3C81621C48}.Release|Any CPU.Build.0 = Release|Any CPU
		{4D6AF3F0-A87E-4B45-9E04-CB3C81621C48}.Release|x64.ActiveCfg = Release|Any CPU
		{4D6AF3F0-A87E-4B45-9E04-CB3C81621C48}.Release|x64.Build.0 = Release|Any CPU
		{4D6AF3F0-A87E-4B45-9E04-CB3C81621C48}.Release|x86.ActiveCfg = Release|Any CPU
		{4D6AF3F0-A87E-4B45-9E04-CB3C81621C48}.Release|x86.Build.0 = Release|Any CPU
		{35080707-2D31-4CDB-A7C6-4E3B322125DD}.Debug|Any CPU.ActiveCfg = Debug|Any CPU
		{35080707-2D31-4CDB-A7C6-4E3B322125DD}.Debug|Any CPU.Build.0 = Debug|Any CPU
		{35080707-2D31-4CDB-A7C6-4E3B322125DD}.Debug|x64.ActiveCfg = Debug|Any CPU
		{35080707-2D31-4CDB-A7C6-4E3B322125DD}.Debug|x64.Build.0 = Debug|Any CPU
		{35080707-2D31-4CDB-A7C6-4E3B322125DD}.Debug|x86.ActiveCfg = Debug|Any CPU
		{35080707-2D31-4CDB-A7C6-4E3B322125DD}.Debug|x86.Build.0 = Debug|Any CPU
		{35080707-2D31-4CDB-A7C6-4E3B322125DD}.Release|Any CPU.ActiveCfg = Release|Any CPU
		{35080707-2D31-4CDB-A7C6-4E3B322125DD}.Release|Any CPU.Build.0 = Release|Any CPU
		{35080707-2D31-4CDB-A7C6-4E3B322125DD}.Release|x64.ActiveCfg = Release|Any CPU
		{35080707-2D31-4CDB-A7C6-4E3B322125DD}.Release|x64.Build.0 = Release|Any CPU
		{35080707-2D31-4CDB-A7C6-4E3B322125DD}.Release|x86.ActiveCfg = Release|Any CPU
		{35080707-2D31-4CDB-A7C6-4E3B322125DD}.Release|x86.Build.0 = Release|Any CPU
		{E7DD0EA2-BA42-4BE3-8156-5D86B8D58EE1}.Debug|Any CPU.ActiveCfg = Debug|Any CPU
		{E7DD0EA2-BA42-4BE3-8156-5D86B8D58EE1}.Debug|Any CPU.Build.0 = Debug|Any CPU
		{E7DD0EA2-BA42-4BE3-8156-5D86B8D58EE1}.Debug|x64.ActiveCfg = Debug|Any CPU
		{E7DD0EA2-BA42-4BE3-8156-5D86B8D58EE1}.Debug|x64.Build.0 = Debug|Any CPU
		{E7DD0EA2-BA42-4BE3-8156-5D86B8D58EE1}.Debug|x86.ActiveCfg = Debug|Any CPU
		{E7DD0EA2-BA42-4BE3-8156-5D86B8D58EE1}.Debug|x86.Build.0 = Debug|Any CPU
		{E7DD0EA2-BA42-4BE3-8156-5D86B8D58EE1}.Release|Any CPU.ActiveCfg = Release|Any CPU
		{E7DD0EA2-BA42-4BE3-8156-5D86B8D58EE1}.Release|Any CPU.Build.0 = Release|Any CPU
		{E7DD0EA2-BA42-4BE3-8156-5D86B8D58EE1}.Release|x64.ActiveCfg = Release|Any CPU
		{E7DD0EA2-BA42-4BE3-8156-5D86B8D58EE1}.Release|x64.Build.0 = Release|Any CPU
		{E7DD0EA2-BA42-4BE3-8156-5D86B8D58EE1}.Release|x86.ActiveCfg = Release|Any CPU
		{E7DD0EA2-BA42-4BE3-8156-5D86B8D58EE1}.Release|x86.Build.0 = Release|Any CPU
		{ADBAB017-5DE1-4CDD-821C-C180AF0205EC}.Debug|Any CPU.ActiveCfg = Debug|Any CPU
		{ADBAB017-5DE1-4CDD-821C-C180AF0205EC}.Debug|Any CPU.Build.0 = Debug|Any CPU
		{ADBAB017-5DE1-4CDD-821C-C180AF0205EC}.Debug|x64.ActiveCfg = Debug|Any CPU
		{ADBAB017-5DE1-4CDD-821C-C180AF0205EC}.Debug|x64.Build.0 = Debug|Any CPU
		{ADBAB017-5DE1-4CDD-821C-C180AF0205EC}.Debug|x86.ActiveCfg = Debug|Any CPU
		{ADBAB017-5DE1-4CDD-821C-C180AF0205EC}.Debug|x86.Build.0 = Debug|Any CPU
		{ADBAB017-5DE1-4CDD-821C-C180AF0205EC}.Release|Any CPU.ActiveCfg = Release|Any CPU
		{ADBAB017-5DE1-4CDD-821C-C180AF0205EC}.Release|Any CPU.Build.0 = Release|Any CPU
		{ADBAB017-5DE1-4CDD-821C-C180AF0205EC}.Release|x64.ActiveCfg = Release|Any CPU
		{ADBAB017-5DE1-4CDD-821C-C180AF0205EC}.Release|x64.Build.0 = Release|Any CPU
		{ADBAB017-5DE1-4CDD-821C-C180AF0205EC}.Release|x86.ActiveCfg = Release|Any CPU
		{ADBAB017-5DE1-4CDD-821C-C180AF0205EC}.Release|x86.Build.0 = Release|Any CPU
		{C40B12D8-D6CC-4FB0-90FA-7BA296C88E67}.Debug|Any CPU.ActiveCfg = Debug|Any CPU
		{C40B12D8-D6CC-4FB0-90FA-7BA296C88E67}.Debug|Any CPU.Build.0 = Debug|Any CPU
		{C40B12D8-D6CC-4FB0-90FA-7BA296C88E67}.Debug|x64.ActiveCfg = Debug|Any CPU
		{C40B12D8-D6CC-4FB0-90FA-7BA296C88E67}.Debug|x64.Build.0 = Debug|Any CPU
		{C40B12D8-D6CC-4FB0-90FA-7BA296C88E67}.Debug|x86.ActiveCfg = Debug|Any CPU
		{C40B12D8-D6CC-4FB0-90FA-7BA296C88E67}.Debug|x86.Build.0 = Debug|Any CPU
		{C40B12D8-D6CC-4FB0-90FA-7BA296C88E67}.Release|Any CPU.ActiveCfg = Release|Any CPU
		{C40B12D8-D6CC-4FB0-90FA-7BA296C88E67}.Release|Any CPU.Build.0 = Release|Any CPU
		{C40B12D8-D6CC-4FB0-90FA-7BA296C88E67}.Release|x64.ActiveCfg = Release|Any CPU
		{C40B12D8-D6CC-4FB0-90FA-7BA296C88E67}.Release|x64.Build.0 = Release|Any CPU
		{C40B12D8-D6CC-4FB0-90FA-7BA296C88E67}.Release|x86.ActiveCfg = Release|Any CPU
		{C40B12D8-D6CC-4FB0-90FA-7BA296C88E67}.Release|x86.Build.0 = Release|Any CPU
		{EF2CEFF5-E85C-415A-A00B-AC42AFE14B5D}.Debug|Any CPU.ActiveCfg = Debug|Any CPU
		{EF2CEFF5-E85C-415A-A00B-AC42AFE14B5D}.Debug|Any CPU.Build.0 = Debug|Any CPU
		{EF2CEFF5-E85C-415A-A00B-AC42AFE14B5D}.Debug|x64.ActiveCfg = Debug|Any CPU
		{EF2CEFF5-E85C-415A-A00B-AC42AFE14B5D}.Debug|x64.Build.0 = Debug|Any CPU
		{EF2CEFF5-E85C-415A-A00B-AC42AFE14B5D}.Debug|x86.ActiveCfg = Debug|Any CPU
		{EF2CEFF5-E85C-415A-A00B-AC42AFE14B5D}.Debug|x86.Build.0 = Debug|Any CPU
		{EF2CEFF5-E85C-415A-A00B-AC42AFE14B5D}.Release|Any CPU.ActiveCfg = Release|Any CPU
		{EF2CEFF5-E85C-415A-A00B-AC42AFE14B5D}.Release|Any CPU.Build.0 = Release|Any CPU
		{EF2CEFF5-E85C-415A-A00B-AC42AFE14B5D}.Release|x64.ActiveCfg = Release|Any CPU
		{EF2CEFF5-E85C-415A-A00B-AC42AFE14B5D}.Release|x64.Build.0 = Release|Any CPU
		{EF2CEFF5-E85C-415A-A00B-AC42AFE14B5D}.Release|x86.ActiveCfg = Release|Any CPU
		{EF2CEFF5-E85C-415A-A00B-AC42AFE14B5D}.Release|x86.Build.0 = Release|Any CPU
		{907963AF-BC40-4930-AECA-F2A354DAFEA0}.Debug|Any CPU.ActiveCfg = Debug|Any CPU
		{907963AF-BC40-4930-AECA-F2A354DAFEA0}.Debug|Any CPU.Build.0 = Debug|Any CPU
		{907963AF-BC40-4930-AECA-F2A354DAFEA0}.Debug|x64.ActiveCfg = Debug|Any CPU
		{907963AF-BC40-4930-AECA-F2A354DAFEA0}.Debug|x64.Build.0 = Debug|Any CPU
		{907963AF-BC40-4930-AECA-F2A354DAFEA0}.Debug|x86.ActiveCfg = Debug|Any CPU
		{907963AF-BC40-4930-AECA-F2A354DAFEA0}.Debug|x86.Build.0 = Debug|Any CPU
		{907963AF-BC40-4930-AECA-F2A354DAFEA0}.Release|Any CPU.ActiveCfg = Release|Any CPU
		{907963AF-BC40-4930-AECA-F2A354DAFEA0}.Release|Any CPU.Build.0 = Release|Any CPU
		{907963AF-BC40-4930-AECA-F2A354DAFEA0}.Release|x64.ActiveCfg = Release|Any CPU
		{907963AF-BC40-4930-AECA-F2A354DAFEA0}.Release|x64.Build.0 = Release|Any CPU
		{907963AF-BC40-4930-AECA-F2A354DAFEA0}.Release|x86.ActiveCfg = Release|Any CPU
		{907963AF-BC40-4930-AECA-F2A354DAFEA0}.Release|x86.Build.0 = Release|Any CPU
		{4D13D087-ECF4-4C5A-848A-79809118446A}.Debug|Any CPU.ActiveCfg = Debug|Any CPU
		{4D13D087-ECF4-4C5A-848A-79809118446A}.Debug|Any CPU.Build.0 = Debug|Any CPU
		{4D13D087-ECF4-4C5A-848A-79809118446A}.Debug|x64.ActiveCfg = Debug|Any CPU
		{4D13D087-ECF4-4C5A-848A-79809118446A}.Debug|x64.Build.0 = Debug|Any CPU
		{4D13D087-ECF4-4C5A-848A-79809118446A}.Debug|x86.ActiveCfg = Debug|Any CPU
		{4D13D087-ECF4-4C5A-848A-79809118446A}.Debug|x86.Build.0 = Debug|Any CPU
		{4D13D087-ECF4-4C5A-848A-79809118446A}.Release|Any CPU.ActiveCfg = Release|Any CPU
		{4D13D087-ECF4-4C5A-848A-79809118446A}.Release|Any CPU.Build.0 = Release|Any CPU
		{4D13D087-ECF4-4C5A-848A-79809118446A}.Release|x64.ActiveCfg = Release|Any CPU
		{4D13D087-ECF4-4C5A-848A-79809118446A}.Release|x64.Build.0 = Release|Any CPU
		{4D13D087-ECF4-4C5A-848A-79809118446A}.Release|x86.ActiveCfg = Release|Any CPU
		{4D13D087-ECF4-4C5A-848A-79809118446A}.Release|x86.Build.0 = Release|Any CPU
		{49BE29C0-4F7A-4955-A084-04A382468BAE}.Debug|Any CPU.ActiveCfg = Debug|Any CPU
		{49BE29C0-4F7A-4955-A084-04A382468BAE}.Debug|Any CPU.Build.0 = Debug|Any CPU
		{49BE29C0-4F7A-4955-A084-04A382468BAE}.Debug|x64.ActiveCfg = Debug|Any CPU
		{49BE29C0-4F7A-4955-A084-04A382468BAE}.Debug|x64.Build.0 = Debug|Any CPU
		{49BE29C0-4F7A-4955-A084-04A382468BAE}.Debug|x86.ActiveCfg = Debug|Any CPU
		{49BE29C0-4F7A-4955-A084-04A382468BAE}.Debug|x86.Build.0 = Debug|Any CPU
		{49BE29C0-4F7A-4955-A084-04A382468BAE}.Release|Any CPU.ActiveCfg = Release|Any CPU
		{49BE29C0-4F7A-4955-A084-04A382468BAE}.Release|Any CPU.Build.0 = Release|Any CPU
		{49BE29C0-4F7A-4955-A084-04A382468BAE}.Release|x64.ActiveCfg = Release|Any CPU
		{49BE29C0-4F7A-4955-A084-04A382468BAE}.Release|x64.Build.0 = Release|Any CPU
		{49BE29C0-4F7A-4955-A084-04A382468BAE}.Release|x86.ActiveCfg = Release|Any CPU
		{49BE29C0-4F7A-4955-A084-04A382468BAE}.Release|x86.Build.0 = Release|Any CPU
		{FF936BBC-C990-4B21-8ADC-4061758F2A84}.Debug|Any CPU.ActiveCfg = Debug|Any CPU
		{FF936BBC-C990-4B21-8ADC-4061758F2A84}.Debug|Any CPU.Build.0 = Debug|Any CPU
		{FF936BBC-C990-4B21-8ADC-4061758F2A84}.Debug|x64.ActiveCfg = Debug|Any CPU
		{FF936BBC-C990-4B21-8ADC-4061758F2A84}.Debug|x64.Build.0 = Debug|Any CPU
		{FF936BBC-C990-4B21-8ADC-4061758F2A84}.Debug|x86.ActiveCfg = Debug|Any CPU
		{FF936BBC-C990-4B21-8ADC-4061758F2A84}.Debug|x86.Build.0 = Debug|Any CPU
		{FF936BBC-C990-4B21-8ADC-4061758F2A84}.Release|Any CPU.ActiveCfg = Release|Any CPU
		{FF936BBC-C990-4B21-8ADC-4061758F2A84}.Release|Any CPU.Build.0 = Release|Any CPU
		{FF936BBC-C990-4B21-8ADC-4061758F2A84}.Release|x64.ActiveCfg = Release|Any CPU
		{FF936BBC-C990-4B21-8ADC-4061758F2A84}.Release|x64.Build.0 = Release|Any CPU
		{FF936BBC-C990-4B21-8ADC-4061758F2A84}.Release|x86.ActiveCfg = Release|Any CPU
		{FF936BBC-C990-4B21-8ADC-4061758F2A84}.Release|x86.Build.0 = Release|Any CPU
		{EA24BE44-6B09-4DCA-97D3-FDA04C9EF54C}.Debug|Any CPU.ActiveCfg = Debug|Any CPU
		{EA24BE44-6B09-4DCA-97D3-FDA04C9EF54C}.Debug|Any CPU.Build.0 = Debug|Any CPU
		{EA24BE44-6B09-4DCA-97D3-FDA04C9EF54C}.Debug|x64.ActiveCfg = Debug|Any CPU
		{EA24BE44-6B09-4DCA-97D3-FDA04C9EF54C}.Debug|x64.Build.0 = Debug|Any CPU
		{EA24BE44-6B09-4DCA-97D3-FDA04C9EF54C}.Debug|x86.ActiveCfg = Debug|Any CPU
		{EA24BE44-6B09-4DCA-97D3-FDA04C9EF54C}.Debug|x86.Build.0 = Debug|Any CPU
		{EA24BE44-6B09-4DCA-97D3-FDA04C9EF54C}.Release|Any CPU.ActiveCfg = Release|Any CPU
		{EA24BE44-6B09-4DCA-97D3-FDA04C9EF54C}.Release|Any CPU.Build.0 = Release|Any CPU
		{EA24BE44-6B09-4DCA-97D3-FDA04C9EF54C}.Release|x64.ActiveCfg = Release|Any CPU
		{EA24BE44-6B09-4DCA-97D3-FDA04C9EF54C}.Release|x64.Build.0 = Release|Any CPU
		{EA24BE44-6B09-4DCA-97D3-FDA04C9EF54C}.Release|x86.ActiveCfg = Release|Any CPU
		{EA24BE44-6B09-4DCA-97D3-FDA04C9EF54C}.Release|x86.Build.0 = Release|Any CPU
		{AA373081-2BB8-490B-82C1-39DA061CBCB4}.Debug|Any CPU.ActiveCfg = Debug|Any CPU
		{AA373081-2BB8-490B-82C1-39DA061CBCB4}.Debug|Any CPU.Build.0 = Debug|Any CPU
		{AA373081-2BB8-490B-82C1-39DA061CBCB4}.Debug|x64.ActiveCfg = Debug|Any CPU
		{AA373081-2BB8-490B-82C1-39DA061CBCB4}.Debug|x64.Build.0 = Debug|Any CPU
		{AA373081-2BB8-490B-82C1-39DA061CBCB4}.Debug|x86.ActiveCfg = Debug|Any CPU
		{AA373081-2BB8-490B-82C1-39DA061CBCB4}.Debug|x86.Build.0 = Debug|Any CPU
		{AA373081-2BB8-490B-82C1-39DA061CBCB4}.Release|Any CPU.ActiveCfg = Release|Any CPU
		{AA373081-2BB8-490B-82C1-39DA061CBCB4}.Release|Any CPU.Build.0 = Release|Any CPU
		{AA373081-2BB8-490B-82C1-39DA061CBCB4}.Release|x64.ActiveCfg = Release|Any CPU
		{AA373081-2BB8-490B-82C1-39DA061CBCB4}.Release|x64.Build.0 = Release|Any CPU
		{AA373081-2BB8-490B-82C1-39DA061CBCB4}.Release|x86.ActiveCfg = Release|Any CPU
		{AA373081-2BB8-490B-82C1-39DA061CBCB4}.Release|x86.Build.0 = Release|Any CPU
		{0C3826CA-3208-445D-8A7C-CA24EF0D44E6}.Debug|Any CPU.ActiveCfg = Debug|Any CPU
		{0C3826CA-3208-445D-8A7C-CA24EF0D44E6}.Debug|Any CPU.Build.0 = Debug|Any CPU
		{0C3826CA-3208-445D-8A7C-CA24EF0D44E6}.Debug|x64.ActiveCfg = Debug|Any CPU
		{0C3826CA-3208-445D-8A7C-CA24EF0D44E6}.Debug|x64.Build.0 = Debug|Any CPU
		{0C3826CA-3208-445D-8A7C-CA24EF0D44E6}.Debug|x86.ActiveCfg = Debug|Any CPU
		{0C3826CA-3208-445D-8A7C-CA24EF0D44E6}.Debug|x86.Build.0 = Debug|Any CPU
		{0C3826CA-3208-445D-8A7C-CA24EF0D44E6}.Release|Any CPU.ActiveCfg = Release|Any CPU
		{0C3826CA-3208-445D-8A7C-CA24EF0D44E6}.Release|Any CPU.Build.0 = Release|Any CPU
		{0C3826CA-3208-445D-8A7C-CA24EF0D44E6}.Release|x64.ActiveCfg = Release|Any CPU
		{0C3826CA-3208-445D-8A7C-CA24EF0D44E6}.Release|x64.Build.0 = Release|Any CPU
		{0C3826CA-3208-445D-8A7C-CA24EF0D44E6}.Release|x86.ActiveCfg = Release|Any CPU
		{0C3826CA-3208-445D-8A7C-CA24EF0D44E6}.Release|x86.Build.0 = Release|Any CPU
		{7133983D-77F7-4BFD-8324-DB01D6F0550B}.Debug|Any CPU.ActiveCfg = Debug|Any CPU
		{7133983D-77F7-4BFD-8324-DB01D6F0550B}.Debug|Any CPU.Build.0 = Debug|Any CPU
		{7133983D-77F7-4BFD-8324-DB01D6F0550B}.Debug|x64.ActiveCfg = Debug|Any CPU
		{7133983D-77F7-4BFD-8324-DB01D6F0550B}.Debug|x64.Build.0 = Debug|Any CPU
		{7133983D-77F7-4BFD-8324-DB01D6F0550B}.Debug|x86.ActiveCfg = Debug|Any CPU
		{7133983D-77F7-4BFD-8324-DB01D6F0550B}.Debug|x86.Build.0 = Debug|Any CPU
		{7133983D-77F7-4BFD-8324-DB01D6F0550B}.Release|Any CPU.ActiveCfg = Release|Any CPU
		{7133983D-77F7-4BFD-8324-DB01D6F0550B}.Release|Any CPU.Build.0 = Release|Any CPU
		{7133983D-77F7-4BFD-8324-DB01D6F0550B}.Release|x64.ActiveCfg = Release|Any CPU
		{7133983D-77F7-4BFD-8324-DB01D6F0550B}.Release|x64.Build.0 = Release|Any CPU
		{7133983D-77F7-4BFD-8324-DB01D6F0550B}.Release|x86.ActiveCfg = Release|Any CPU
		{7133983D-77F7-4BFD-8324-DB01D6F0550B}.Release|x86.Build.0 = Release|Any CPU
		{7CDD8B1C-DA52-4B5A-907A-C90D88B616B6}.Debug|Any CPU.ActiveCfg = Debug|Any CPU
		{7CDD8B1C-DA52-4B5A-907A-C90D88B616B6}.Debug|Any CPU.Build.0 = Debug|Any CPU
		{7CDD8B1C-DA52-4B5A-907A-C90D88B616B6}.Debug|x64.ActiveCfg = Debug|Any CPU
		{7CDD8B1C-DA52-4B5A-907A-C90D88B616B6}.Debug|x64.Build.0 = Debug|Any CPU
		{7CDD8B1C-DA52-4B5A-907A-C90D88B616B6}.Debug|x86.ActiveCfg = Debug|Any CPU
		{7CDD8B1C-DA52-4B5A-907A-C90D88B616B6}.Debug|x86.Build.0 = Debug|Any CPU
		{7CDD8B1C-DA52-4B5A-907A-C90D88B616B6}.Release|Any CPU.ActiveCfg = Release|Any CPU
		{7CDD8B1C-DA52-4B5A-907A-C90D88B616B6}.Release|Any CPU.Build.0 = Release|Any CPU
		{7CDD8B1C-DA52-4B5A-907A-C90D88B616B6}.Release|x64.ActiveCfg = Release|Any CPU
		{7CDD8B1C-DA52-4B5A-907A-C90D88B616B6}.Release|x64.Build.0 = Release|Any CPU
		{7CDD8B1C-DA52-4B5A-907A-C90D88B616B6}.Release|x86.ActiveCfg = Release|Any CPU
		{7CDD8B1C-DA52-4B5A-907A-C90D88B616B6}.Release|x86.Build.0 = Release|Any CPU
		{207E8B4A-5510-40D6-989E-0B2D8DC37D8F}.Debug|Any CPU.ActiveCfg = Debug|Any CPU
		{207E8B4A-5510-40D6-989E-0B2D8DC37D8F}.Debug|Any CPU.Build.0 = Debug|Any CPU
		{207E8B4A-5510-40D6-989E-0B2D8DC37D8F}.Debug|x64.ActiveCfg = Debug|Any CPU
		{207E8B4A-5510-40D6-989E-0B2D8DC37D8F}.Debug|x64.Build.0 = Debug|Any CPU
		{207E8B4A-5510-40D6-989E-0B2D8DC37D8F}.Debug|x86.ActiveCfg = Debug|Any CPU
		{207E8B4A-5510-40D6-989E-0B2D8DC37D8F}.Debug|x86.Build.0 = Debug|Any CPU
		{207E8B4A-5510-40D6-989E-0B2D8DC37D8F}.Release|Any CPU.ActiveCfg = Release|Any CPU
		{207E8B4A-5510-40D6-989E-0B2D8DC37D8F}.Release|Any CPU.Build.0 = Release|Any CPU
		{207E8B4A-5510-40D6-989E-0B2D8DC37D8F}.Release|x64.ActiveCfg = Release|Any CPU
		{207E8B4A-5510-40D6-989E-0B2D8DC37D8F}.Release|x64.Build.0 = Release|Any CPU
		{207E8B4A-5510-40D6-989E-0B2D8DC37D8F}.Release|x86.ActiveCfg = Release|Any CPU
		{207E8B4A-5510-40D6-989E-0B2D8DC37D8F}.Release|x86.Build.0 = Release|Any CPU
		{BA77E35E-3B08-4773-A8E8-02BBFD57E075}.Debug|Any CPU.ActiveCfg = Debug|Any CPU
		{BA77E35E-3B08-4773-A8E8-02BBFD57E075}.Debug|Any CPU.Build.0 = Debug|Any CPU
		{BA77E35E-3B08-4773-A8E8-02BBFD57E075}.Debug|x64.ActiveCfg = Debug|Any CPU
		{BA77E35E-3B08-4773-A8E8-02BBFD57E075}.Debug|x64.Build.0 = Debug|Any CPU
		{BA77E35E-3B08-4773-A8E8-02BBFD57E075}.Debug|x86.ActiveCfg = Debug|Any CPU
		{BA77E35E-3B08-4773-A8E8-02BBFD57E075}.Debug|x86.Build.0 = Debug|Any CPU
		{BA77E35E-3B08-4773-A8E8-02BBFD57E075}.Release|Any CPU.ActiveCfg = Release|Any CPU
		{BA77E35E-3B08-4773-A8E8-02BBFD57E075}.Release|Any CPU.Build.0 = Release|Any CPU
		{BA77E35E-3B08-4773-A8E8-02BBFD57E075}.Release|x64.ActiveCfg = Release|Any CPU
		{BA77E35E-3B08-4773-A8E8-02BBFD57E075}.Release|x64.Build.0 = Release|Any CPU
		{BA77E35E-3B08-4773-A8E8-02BBFD57E075}.Release|x86.ActiveCfg = Release|Any CPU
		{BA77E35E-3B08-4773-A8E8-02BBFD57E075}.Release|x86.Build.0 = Release|Any CPU
		{9A63071D-27C5-4F52-B397-41291BD59E75}.Debug|Any CPU.ActiveCfg = Debug|Any CPU
		{9A63071D-27C5-4F52-B397-41291BD59E75}.Debug|Any CPU.Build.0 = Debug|Any CPU
		{9A63071D-27C5-4F52-B397-41291BD59E75}.Debug|x64.ActiveCfg = Debug|Any CPU
		{9A63071D-27C5-4F52-B397-41291BD59E75}.Debug|x64.Build.0 = Debug|Any CPU
		{9A63071D-27C5-4F52-B397-41291BD59E75}.Debug|x86.ActiveCfg = Debug|Any CPU
		{9A63071D-27C5-4F52-B397-41291BD59E75}.Debug|x86.Build.0 = Debug|Any CPU
		{9A63071D-27C5-4F52-B397-41291BD59E75}.Release|Any CPU.ActiveCfg = Release|Any CPU
		{9A63071D-27C5-4F52-B397-41291BD59E75}.Release|Any CPU.Build.0 = Release|Any CPU
		{9A63071D-27C5-4F52-B397-41291BD59E75}.Release|x64.ActiveCfg = Release|Any CPU
		{9A63071D-27C5-4F52-B397-41291BD59E75}.Release|x64.Build.0 = Release|Any CPU
		{9A63071D-27C5-4F52-B397-41291BD59E75}.Release|x86.ActiveCfg = Release|Any CPU
		{9A63071D-27C5-4F52-B397-41291BD59E75}.Release|x86.Build.0 = Release|Any CPU
		{6E0F8585-3F24-4163-8FC9-8CC1F1532507}.Debug|Any CPU.ActiveCfg = Debug|Any CPU
		{6E0F8585-3F24-4163-8FC9-8CC1F1532507}.Debug|Any CPU.Build.0 = Debug|Any CPU
		{6E0F8585-3F24-4163-8FC9-8CC1F1532507}.Debug|x64.ActiveCfg = Debug|Any CPU
		{6E0F8585-3F24-4163-8FC9-8CC1F1532507}.Debug|x64.Build.0 = Debug|Any CPU
		{6E0F8585-3F24-4163-8FC9-8CC1F1532507}.Debug|x86.ActiveCfg = Debug|Any CPU
		{6E0F8585-3F24-4163-8FC9-8CC1F1532507}.Debug|x86.Build.0 = Debug|Any CPU
		{6E0F8585-3F24-4163-8FC9-8CC1F1532507}.Release|Any CPU.ActiveCfg = Release|Any CPU
		{6E0F8585-3F24-4163-8FC9-8CC1F1532507}.Release|Any CPU.Build.0 = Release|Any CPU
		{6E0F8585-3F24-4163-8FC9-8CC1F1532507}.Release|x64.ActiveCfg = Release|Any CPU
		{6E0F8585-3F24-4163-8FC9-8CC1F1532507}.Release|x64.Build.0 = Release|Any CPU
		{6E0F8585-3F24-4163-8FC9-8CC1F1532507}.Release|x86.ActiveCfg = Release|Any CPU
		{6E0F8585-3F24-4163-8FC9-8CC1F1532507}.Release|x86.Build.0 = Release|Any CPU
		{63B41726-EFE6-4835-A953-D304FE0E7F53}.Debug|Any CPU.ActiveCfg = Debug|Any CPU
		{63B41726-EFE6-4835-A953-D304FE0E7F53}.Debug|Any CPU.Build.0 = Debug|Any CPU
		{63B41726-EFE6-4835-A953-D304FE0E7F53}.Debug|x64.ActiveCfg = Debug|Any CPU
		{63B41726-EFE6-4835-A953-D304FE0E7F53}.Debug|x64.Build.0 = Debug|Any CPU
		{63B41726-EFE6-4835-A953-D304FE0E7F53}.Debug|x86.ActiveCfg = Debug|Any CPU
		{63B41726-EFE6-4835-A953-D304FE0E7F53}.Debug|x86.Build.0 = Debug|Any CPU
		{63B41726-EFE6-4835-A953-D304FE0E7F53}.Release|Any CPU.ActiveCfg = Release|Any CPU
		{63B41726-EFE6-4835-A953-D304FE0E7F53}.Release|Any CPU.Build.0 = Release|Any CPU
		{63B41726-EFE6-4835-A953-D304FE0E7F53}.Release|x64.ActiveCfg = Release|Any CPU
		{63B41726-EFE6-4835-A953-D304FE0E7F53}.Release|x64.Build.0 = Release|Any CPU
		{63B41726-EFE6-4835-A953-D304FE0E7F53}.Release|x86.ActiveCfg = Release|Any CPU
		{63B41726-EFE6-4835-A953-D304FE0E7F53}.Release|x86.Build.0 = Release|Any CPU
		{218671D9-2A8F-4887-855E-9AA113DB0A8D}.Debug|Any CPU.ActiveCfg = Debug|Any CPU
		{218671D9-2A8F-4887-855E-9AA113DB0A8D}.Debug|Any CPU.Build.0 = Debug|Any CPU
		{218671D9-2A8F-4887-855E-9AA113DB0A8D}.Debug|x64.ActiveCfg = Debug|Any CPU
		{218671D9-2A8F-4887-855E-9AA113DB0A8D}.Debug|x64.Build.0 = Debug|Any CPU
		{218671D9-2A8F-4887-855E-9AA113DB0A8D}.Debug|x86.ActiveCfg = Debug|Any CPU
		{218671D9-2A8F-4887-855E-9AA113DB0A8D}.Debug|x86.Build.0 = Debug|Any CPU
		{218671D9-2A8F-4887-855E-9AA113DB0A8D}.Release|Any CPU.ActiveCfg = Release|Any CPU
		{218671D9-2A8F-4887-855E-9AA113DB0A8D}.Release|Any CPU.Build.0 = Release|Any CPU
		{218671D9-2A8F-4887-855E-9AA113DB0A8D}.Release|x64.ActiveCfg = Release|Any CPU
		{218671D9-2A8F-4887-855E-9AA113DB0A8D}.Release|x64.Build.0 = Release|Any CPU
		{218671D9-2A8F-4887-855E-9AA113DB0A8D}.Release|x86.ActiveCfg = Release|Any CPU
		{218671D9-2A8F-4887-855E-9AA113DB0A8D}.Release|x86.Build.0 = Release|Any CPU
		{A20F58A9-66C5-42C4-8D0D-7D9C5F0BF529}.Debug|Any CPU.ActiveCfg = Debug|Any CPU
		{A20F58A9-66C5-42C4-8D0D-7D9C5F0BF529}.Debug|Any CPU.Build.0 = Debug|Any CPU
		{A20F58A9-66C5-42C4-8D0D-7D9C5F0BF529}.Debug|x64.ActiveCfg = Debug|Any CPU
		{A20F58A9-66C5-42C4-8D0D-7D9C5F0BF529}.Debug|x64.Build.0 = Debug|Any CPU
		{A20F58A9-66C5-42C4-8D0D-7D9C5F0BF529}.Debug|x86.ActiveCfg = Debug|Any CPU
		{A20F58A9-66C5-42C4-8D0D-7D9C5F0BF529}.Debug|x86.Build.0 = Debug|Any CPU
		{A20F58A9-66C5-42C4-8D0D-7D9C5F0BF529}.Release|Any CPU.ActiveCfg = Release|Any CPU
		{A20F58A9-66C5-42C4-8D0D-7D9C5F0BF529}.Release|Any CPU.Build.0 = Release|Any CPU
		{A20F58A9-66C5-42C4-8D0D-7D9C5F0BF529}.Release|x64.ActiveCfg = Release|Any CPU
		{A20F58A9-66C5-42C4-8D0D-7D9C5F0BF529}.Release|x64.Build.0 = Release|Any CPU
		{A20F58A9-66C5-42C4-8D0D-7D9C5F0BF529}.Release|x86.ActiveCfg = Release|Any CPU
		{A20F58A9-66C5-42C4-8D0D-7D9C5F0BF529}.Release|x86.Build.0 = Release|Any CPU
		{A9090C92-22AD-4BB7-84F5-03318CCD8E85}.Debug|Any CPU.ActiveCfg = Debug|Any CPU
		{A9090C92-22AD-4BB7-84F5-03318CCD8E85}.Debug|Any CPU.Build.0 = Debug|Any CPU
		{A9090C92-22AD-4BB7-84F5-03318CCD8E85}.Debug|x64.ActiveCfg = Debug|Any CPU
		{A9090C92-22AD-4BB7-84F5-03318CCD8E85}.Debug|x64.Build.0 = Debug|Any CPU
		{A9090C92-22AD-4BB7-84F5-03318CCD8E85}.Debug|x86.ActiveCfg = Debug|Any CPU
		{A9090C92-22AD-4BB7-84F5-03318CCD8E85}.Debug|x86.Build.0 = Debug|Any CPU
		{A9090C92-22AD-4BB7-84F5-03318CCD8E85}.Release|Any CPU.ActiveCfg = Release|Any CPU
		{A9090C92-22AD-4BB7-84F5-03318CCD8E85}.Release|Any CPU.Build.0 = Release|Any CPU
		{A9090C92-22AD-4BB7-84F5-03318CCD8E85}.Release|x64.ActiveCfg = Release|Any CPU
		{A9090C92-22AD-4BB7-84F5-03318CCD8E85}.Release|x64.Build.0 = Release|Any CPU
		{A9090C92-22AD-4BB7-84F5-03318CCD8E85}.Release|x86.ActiveCfg = Release|Any CPU
		{A9090C92-22AD-4BB7-84F5-03318CCD8E85}.Release|x86.Build.0 = Release|Any CPU
		{CBB030EF-0A02-464C-A109-8B0F7DEC4489}.Debug|Any CPU.ActiveCfg = Debug|Any CPU
		{CBB030EF-0A02-464C-A109-8B0F7DEC4489}.Debug|Any CPU.Build.0 = Debug|Any CPU
		{CBB030EF-0A02-464C-A109-8B0F7DEC4489}.Debug|x64.ActiveCfg = Debug|Any CPU
		{CBB030EF-0A02-464C-A109-8B0F7DEC4489}.Debug|x64.Build.0 = Debug|Any CPU
		{CBB030EF-0A02-464C-A109-8B0F7DEC4489}.Debug|x86.ActiveCfg = Debug|Any CPU
		{CBB030EF-0A02-464C-A109-8B0F7DEC4489}.Debug|x86.Build.0 = Debug|Any CPU
		{CBB030EF-0A02-464C-A109-8B0F7DEC4489}.Release|Any CPU.ActiveCfg = Release|Any CPU
		{CBB030EF-0A02-464C-A109-8B0F7DEC4489}.Release|Any CPU.Build.0 = Release|Any CPU
		{CBB030EF-0A02-464C-A109-8B0F7DEC4489}.Release|x64.ActiveCfg = Release|Any CPU
		{CBB030EF-0A02-464C-A109-8B0F7DEC4489}.Release|x64.Build.0 = Release|Any CPU
		{CBB030EF-0A02-464C-A109-8B0F7DEC4489}.Release|x86.ActiveCfg = Release|Any CPU
		{CBB030EF-0A02-464C-A109-8B0F7DEC4489}.Release|x86.Build.0 = Release|Any CPU
		{F6AD1007-2F48-494D-BBCC-118F5BA472EE}.Debug|Any CPU.ActiveCfg = Debug|Any CPU
		{F6AD1007-2F48-494D-BBCC-118F5BA472EE}.Debug|Any CPU.Build.0 = Debug|Any CPU
		{F6AD1007-2F48-494D-BBCC-118F5BA472EE}.Debug|x64.ActiveCfg = Debug|Any CPU
		{F6AD1007-2F48-494D-BBCC-118F5BA472EE}.Debug|x64.Build.0 = Debug|Any CPU
		{F6AD1007-2F48-494D-BBCC-118F5BA472EE}.Debug|x86.ActiveCfg = Debug|Any CPU
		{F6AD1007-2F48-494D-BBCC-118F5BA472EE}.Debug|x86.Build.0 = Debug|Any CPU
		{F6AD1007-2F48-494D-BBCC-118F5BA472EE}.Release|Any CPU.ActiveCfg = Release|Any CPU
		{F6AD1007-2F48-494D-BBCC-118F5BA472EE}.Release|Any CPU.Build.0 = Release|Any CPU
		{F6AD1007-2F48-494D-BBCC-118F5BA472EE}.Release|x64.ActiveCfg = Release|Any CPU
		{F6AD1007-2F48-494D-BBCC-118F5BA472EE}.Release|x64.Build.0 = Release|Any CPU
		{F6AD1007-2F48-494D-BBCC-118F5BA472EE}.Release|x86.ActiveCfg = Release|Any CPU
		{F6AD1007-2F48-494D-BBCC-118F5BA472EE}.Release|x86.Build.0 = Release|Any CPU
		{F77E10E3-A1B3-4DDC-9B91-7FD31096BC3E}.Debug|Any CPU.ActiveCfg = Debug|Any CPU
		{F77E10E3-A1B3-4DDC-9B91-7FD31096BC3E}.Debug|Any CPU.Build.0 = Debug|Any CPU
		{F77E10E3-A1B3-4DDC-9B91-7FD31096BC3E}.Debug|x64.ActiveCfg = Debug|Any CPU
		{F77E10E3-A1B3-4DDC-9B91-7FD31096BC3E}.Debug|x64.Build.0 = Debug|Any CPU
		{F77E10E3-A1B3-4DDC-9B91-7FD31096BC3E}.Debug|x86.ActiveCfg = Debug|Any CPU
		{F77E10E3-A1B3-4DDC-9B91-7FD31096BC3E}.Debug|x86.Build.0 = Debug|Any CPU
		{F77E10E3-A1B3-4DDC-9B91-7FD31096BC3E}.Release|Any CPU.ActiveCfg = Release|Any CPU
		{F77E10E3-A1B3-4DDC-9B91-7FD31096BC3E}.Release|Any CPU.Build.0 = Release|Any CPU
		{F77E10E3-A1B3-4DDC-9B91-7FD31096BC3E}.Release|x64.ActiveCfg = Release|Any CPU
		{F77E10E3-A1B3-4DDC-9B91-7FD31096BC3E}.Release|x64.Build.0 = Release|Any CPU
		{F77E10E3-A1B3-4DDC-9B91-7FD31096BC3E}.Release|x86.ActiveCfg = Release|Any CPU
		{F77E10E3-A1B3-4DDC-9B91-7FD31096BC3E}.Release|x86.Build.0 = Release|Any CPU
		{5A36EE46-E0FC-424B-B254-4DA6C6B6B75C}.Debug|Any CPU.ActiveCfg = Debug|Any CPU
		{5A36EE46-E0FC-424B-B254-4DA6C6B6B75C}.Debug|Any CPU.Build.0 = Debug|Any CPU
		{5A36EE46-E0FC-424B-B254-4DA6C6B6B75C}.Debug|x64.ActiveCfg = Debug|Any CPU
		{5A36EE46-E0FC-424B-B254-4DA6C6B6B75C}.Debug|x64.Build.0 = Debug|Any CPU
		{5A36EE46-E0FC-424B-B254-4DA6C6B6B75C}.Debug|x86.ActiveCfg = Debug|Any CPU
		{5A36EE46-E0FC-424B-B254-4DA6C6B6B75C}.Debug|x86.Build.0 = Debug|Any CPU
		{5A36EE46-E0FC-424B-B254-4DA6C6B6B75C}.Release|Any CPU.ActiveCfg = Release|Any CPU
		{5A36EE46-E0FC-424B-B254-4DA6C6B6B75C}.Release|Any CPU.Build.0 = Release|Any CPU
		{5A36EE46-E0FC-424B-B254-4DA6C6B6B75C}.Release|x64.ActiveCfg = Release|Any CPU
		{5A36EE46-E0FC-424B-B254-4DA6C6B6B75C}.Release|x64.Build.0 = Release|Any CPU
		{5A36EE46-E0FC-424B-B254-4DA6C6B6B75C}.Release|x86.ActiveCfg = Release|Any CPU
		{5A36EE46-E0FC-424B-B254-4DA6C6B6B75C}.Release|x86.Build.0 = Release|Any CPU
		{74D182AD-D6F6-464D-91FF-1AF0093230AA}.Debug|Any CPU.ActiveCfg = Debug|Any CPU
		{74D182AD-D6F6-464D-91FF-1AF0093230AA}.Debug|Any CPU.Build.0 = Debug|Any CPU
		{74D182AD-D6F6-464D-91FF-1AF0093230AA}.Debug|x64.ActiveCfg = Debug|Any CPU
		{74D182AD-D6F6-464D-91FF-1AF0093230AA}.Debug|x64.Build.0 = Debug|Any CPU
		{74D182AD-D6F6-464D-91FF-1AF0093230AA}.Debug|x86.ActiveCfg = Debug|Any CPU
		{74D182AD-D6F6-464D-91FF-1AF0093230AA}.Debug|x86.Build.0 = Debug|Any CPU
		{74D182AD-D6F6-464D-91FF-1AF0093230AA}.Release|Any CPU.ActiveCfg = Release|Any CPU
		{74D182AD-D6F6-464D-91FF-1AF0093230AA}.Release|Any CPU.Build.0 = Release|Any CPU
		{74D182AD-D6F6-464D-91FF-1AF0093230AA}.Release|x64.ActiveCfg = Release|Any CPU
		{74D182AD-D6F6-464D-91FF-1AF0093230AA}.Release|x64.Build.0 = Release|Any CPU
		{74D182AD-D6F6-464D-91FF-1AF0093230AA}.Release|x86.ActiveCfg = Release|Any CPU
		{74D182AD-D6F6-464D-91FF-1AF0093230AA}.Release|x86.Build.0 = Release|Any CPU
		{3B2A267E-A2C1-41C9-AA14-EE136BBA42A8}.Debug|Any CPU.ActiveCfg = Debug|Any CPU
		{3B2A267E-A2C1-41C9-AA14-EE136BBA42A8}.Debug|Any CPU.Build.0 = Debug|Any CPU
		{3B2A267E-A2C1-41C9-AA14-EE136BBA42A8}.Debug|x64.ActiveCfg = Debug|Any CPU
		{3B2A267E-A2C1-41C9-AA14-EE136BBA42A8}.Debug|x64.Build.0 = Debug|Any CPU
		{3B2A267E-A2C1-41C9-AA14-EE136BBA42A8}.Debug|x86.ActiveCfg = Debug|Any CPU
		{3B2A267E-A2C1-41C9-AA14-EE136BBA42A8}.Debug|x86.Build.0 = Debug|Any CPU
		{3B2A267E-A2C1-41C9-AA14-EE136BBA42A8}.Release|Any CPU.ActiveCfg = Release|Any CPU
		{3B2A267E-A2C1-41C9-AA14-EE136BBA42A8}.Release|Any CPU.Build.0 = Release|Any CPU
		{3B2A267E-A2C1-41C9-AA14-EE136BBA42A8}.Release|x64.ActiveCfg = Release|Any CPU
		{3B2A267E-A2C1-41C9-AA14-EE136BBA42A8}.Release|x64.Build.0 = Release|Any CPU
		{3B2A267E-A2C1-41C9-AA14-EE136BBA42A8}.Release|x86.ActiveCfg = Release|Any CPU
		{3B2A267E-A2C1-41C9-AA14-EE136BBA42A8}.Release|x86.Build.0 = Release|Any CPU
		{0D368D0C-62B2-4909-997C-7297FCBDA570}.Debug|Any CPU.ActiveCfg = Debug|Any CPU
		{0D368D0C-62B2-4909-997C-7297FCBDA570}.Debug|Any CPU.Build.0 = Debug|Any CPU
		{0D368D0C-62B2-4909-997C-7297FCBDA570}.Debug|x64.ActiveCfg = Debug|Any CPU
		{0D368D0C-62B2-4909-997C-7297FCBDA570}.Debug|x64.Build.0 = Debug|Any CPU
		{0D368D0C-62B2-4909-997C-7297FCBDA570}.Debug|x86.ActiveCfg = Debug|Any CPU
		{0D368D0C-62B2-4909-997C-7297FCBDA570}.Debug|x86.Build.0 = Debug|Any CPU
		{0D368D0C-62B2-4909-997C-7297FCBDA570}.Release|Any CPU.ActiveCfg = Release|Any CPU
		{0D368D0C-62B2-4909-997C-7297FCBDA570}.Release|Any CPU.Build.0 = Release|Any CPU
		{0D368D0C-62B2-4909-997C-7297FCBDA570}.Release|x64.ActiveCfg = Release|Any CPU
		{0D368D0C-62B2-4909-997C-7297FCBDA570}.Release|x64.Build.0 = Release|Any CPU
		{0D368D0C-62B2-4909-997C-7297FCBDA570}.Release|x86.ActiveCfg = Release|Any CPU
		{0D368D0C-62B2-4909-997C-7297FCBDA570}.Release|x86.Build.0 = Release|Any CPU
		{23B86A2C-DD6C-4571-BD33-88518743941D}.Debug|Any CPU.ActiveCfg = Debug|Any CPU
		{23B86A2C-DD6C-4571-BD33-88518743941D}.Debug|Any CPU.Build.0 = Debug|Any CPU
		{23B86A2C-DD6C-4571-BD33-88518743941D}.Debug|x64.ActiveCfg = Debug|Any CPU
		{23B86A2C-DD6C-4571-BD33-88518743941D}.Debug|x64.Build.0 = Debug|Any CPU
		{23B86A2C-DD6C-4571-BD33-88518743941D}.Debug|x86.ActiveCfg = Debug|Any CPU
		{23B86A2C-DD6C-4571-BD33-88518743941D}.Debug|x86.Build.0 = Debug|Any CPU
		{23B86A2C-DD6C-4571-BD33-88518743941D}.Release|Any CPU.ActiveCfg = Release|Any CPU
		{23B86A2C-DD6C-4571-BD33-88518743941D}.Release|Any CPU.Build.0 = Release|Any CPU
		{23B86A2C-DD6C-4571-BD33-88518743941D}.Release|x64.ActiveCfg = Release|Any CPU
		{23B86A2C-DD6C-4571-BD33-88518743941D}.Release|x64.Build.0 = Release|Any CPU
		{23B86A2C-DD6C-4571-BD33-88518743941D}.Release|x86.ActiveCfg = Release|Any CPU
		{23B86A2C-DD6C-4571-BD33-88518743941D}.Release|x86.Build.0 = Release|Any CPU
		{1244D770-FD12-4A62-8E23-C20FC54E8405}.Debug|Any CPU.ActiveCfg = Debug|Any CPU
		{1244D770-FD12-4A62-8E23-C20FC54E8405}.Debug|Any CPU.Build.0 = Debug|Any CPU
		{1244D770-FD12-4A62-8E23-C20FC54E8405}.Debug|x64.ActiveCfg = Debug|Any CPU
		{1244D770-FD12-4A62-8E23-C20FC54E8405}.Debug|x64.Build.0 = Debug|Any CPU
		{1244D770-FD12-4A62-8E23-C20FC54E8405}.Debug|x86.ActiveCfg = Debug|Any CPU
		{1244D770-FD12-4A62-8E23-C20FC54E8405}.Debug|x86.Build.0 = Debug|Any CPU
		{1244D770-FD12-4A62-8E23-C20FC54E8405}.Release|Any CPU.ActiveCfg = Release|Any CPU
		{1244D770-FD12-4A62-8E23-C20FC54E8405}.Release|Any CPU.Build.0 = Release|Any CPU
		{1244D770-FD12-4A62-8E23-C20FC54E8405}.Release|x64.ActiveCfg = Release|Any CPU
		{1244D770-FD12-4A62-8E23-C20FC54E8405}.Release|x64.Build.0 = Release|Any CPU
		{1244D770-FD12-4A62-8E23-C20FC54E8405}.Release|x86.ActiveCfg = Release|Any CPU
		{1244D770-FD12-4A62-8E23-C20FC54E8405}.Release|x86.Build.0 = Release|Any CPU
		{99187F8B-4398-4753-86CD-396953E6CBC8}.Debug|Any CPU.ActiveCfg = Debug|Any CPU
		{99187F8B-4398-4753-86CD-396953E6CBC8}.Debug|Any CPU.Build.0 = Debug|Any CPU
		{99187F8B-4398-4753-86CD-396953E6CBC8}.Debug|x64.ActiveCfg = Debug|Any CPU
		{99187F8B-4398-4753-86CD-396953E6CBC8}.Debug|x64.Build.0 = Debug|Any CPU
		{99187F8B-4398-4753-86CD-396953E6CBC8}.Debug|x86.ActiveCfg = Debug|Any CPU
		{99187F8B-4398-4753-86CD-396953E6CBC8}.Debug|x86.Build.0 = Debug|Any CPU
		{99187F8B-4398-4753-86CD-396953E6CBC8}.Release|Any CPU.ActiveCfg = Release|Any CPU
		{99187F8B-4398-4753-86CD-396953E6CBC8}.Release|Any CPU.Build.0 = Release|Any CPU
		{99187F8B-4398-4753-86CD-396953E6CBC8}.Release|x64.ActiveCfg = Release|Any CPU
		{99187F8B-4398-4753-86CD-396953E6CBC8}.Release|x64.Build.0 = Release|Any CPU
		{99187F8B-4398-4753-86CD-396953E6CBC8}.Release|x86.ActiveCfg = Release|Any CPU
		{99187F8B-4398-4753-86CD-396953E6CBC8}.Release|x86.Build.0 = Release|Any CPU
		{A7B53CE9-4DBE-42CC-A0BF-C90D3A8EA742}.Debug|Any CPU.ActiveCfg = Debug|Any CPU
		{A7B53CE9-4DBE-42CC-A0BF-C90D3A8EA742}.Debug|Any CPU.Build.0 = Debug|Any CPU
		{A7B53CE9-4DBE-42CC-A0BF-C90D3A8EA742}.Debug|x64.ActiveCfg = Debug|Any CPU
		{A7B53CE9-4DBE-42CC-A0BF-C90D3A8EA742}.Debug|x64.Build.0 = Debug|Any CPU
		{A7B53CE9-4DBE-42CC-A0BF-C90D3A8EA742}.Debug|x86.ActiveCfg = Debug|Any CPU
		{A7B53CE9-4DBE-42CC-A0BF-C90D3A8EA742}.Debug|x86.Build.0 = Debug|Any CPU
		{A7B53CE9-4DBE-42CC-A0BF-C90D3A8EA742}.Release|Any CPU.ActiveCfg = Release|Any CPU
		{A7B53CE9-4DBE-42CC-A0BF-C90D3A8EA742}.Release|Any CPU.Build.0 = Release|Any CPU
		{A7B53CE9-4DBE-42CC-A0BF-C90D3A8EA742}.Release|x64.ActiveCfg = Release|Any CPU
		{A7B53CE9-4DBE-42CC-A0BF-C90D3A8EA742}.Release|x64.Build.0 = Release|Any CPU
		{A7B53CE9-4DBE-42CC-A0BF-C90D3A8EA742}.Release|x86.ActiveCfg = Release|Any CPU
		{A7B53CE9-4DBE-42CC-A0BF-C90D3A8EA742}.Release|x86.Build.0 = Release|Any CPU
		{8DDF14A9-90ED-4BB8-814C-8A477D48EB0F}.Debug|Any CPU.ActiveCfg = Debug|Any CPU
		{8DDF14A9-90ED-4BB8-814C-8A477D48EB0F}.Debug|Any CPU.Build.0 = Debug|Any CPU
		{8DDF14A9-90ED-4BB8-814C-8A477D48EB0F}.Debug|x64.ActiveCfg = Debug|Any CPU
		{8DDF14A9-90ED-4BB8-814C-8A477D48EB0F}.Debug|x64.Build.0 = Debug|Any CPU
		{8DDF14A9-90ED-4BB8-814C-8A477D48EB0F}.Debug|x86.ActiveCfg = Debug|Any CPU
		{8DDF14A9-90ED-4BB8-814C-8A477D48EB0F}.Debug|x86.Build.0 = Debug|Any CPU
		{8DDF14A9-90ED-4BB8-814C-8A477D48EB0F}.Release|Any CPU.ActiveCfg = Release|Any CPU
		{8DDF14A9-90ED-4BB8-814C-8A477D48EB0F}.Release|Any CPU.Build.0 = Release|Any CPU
		{8DDF14A9-90ED-4BB8-814C-8A477D48EB0F}.Release|x64.ActiveCfg = Release|Any CPU
		{8DDF14A9-90ED-4BB8-814C-8A477D48EB0F}.Release|x64.Build.0 = Release|Any CPU
		{8DDF14A9-90ED-4BB8-814C-8A477D48EB0F}.Release|x86.ActiveCfg = Release|Any CPU
		{8DDF14A9-90ED-4BB8-814C-8A477D48EB0F}.Release|x86.Build.0 = Release|Any CPU
		{AE5E0947-3466-43EE-BFC7-FAF29146F214}.Debug|Any CPU.ActiveCfg = Debug|Any CPU
		{AE5E0947-3466-43EE-BFC7-FAF29146F214}.Debug|Any CPU.Build.0 = Debug|Any CPU
		{AE5E0947-3466-43EE-BFC7-FAF29146F214}.Debug|x64.ActiveCfg = Debug|Any CPU
		{AE5E0947-3466-43EE-BFC7-FAF29146F214}.Debug|x64.Build.0 = Debug|Any CPU
		{AE5E0947-3466-43EE-BFC7-FAF29146F214}.Debug|x86.ActiveCfg = Debug|Any CPU
		{AE5E0947-3466-43EE-BFC7-FAF29146F214}.Debug|x86.Build.0 = Debug|Any CPU
		{AE5E0947-3466-43EE-BFC7-FAF29146F214}.Release|Any CPU.ActiveCfg = Release|Any CPU
		{AE5E0947-3466-43EE-BFC7-FAF29146F214}.Release|Any CPU.Build.0 = Release|Any CPU
		{AE5E0947-3466-43EE-BFC7-FAF29146F214}.Release|x64.ActiveCfg = Release|Any CPU
		{AE5E0947-3466-43EE-BFC7-FAF29146F214}.Release|x64.Build.0 = Release|Any CPU
		{AE5E0947-3466-43EE-BFC7-FAF29146F214}.Release|x86.ActiveCfg = Release|Any CPU
		{AE5E0947-3466-43EE-BFC7-FAF29146F214}.Release|x86.Build.0 = Release|Any CPU
		{37BC1795-3928-4B7D-BDD1-835103501DA3}.Debug|Any CPU.ActiveCfg = Debug|Any CPU
		{37BC1795-3928-4B7D-BDD1-835103501DA3}.Debug|Any CPU.Build.0 = Debug|Any CPU
		{37BC1795-3928-4B7D-BDD1-835103501DA3}.Debug|x64.ActiveCfg = Debug|Any CPU
		{37BC1795-3928-4B7D-BDD1-835103501DA3}.Debug|x64.Build.0 = Debug|Any CPU
		{37BC1795-3928-4B7D-BDD1-835103501DA3}.Debug|x86.ActiveCfg = Debug|Any CPU
		{37BC1795-3928-4B7D-BDD1-835103501DA3}.Debug|x86.Build.0 = Debug|Any CPU
		{37BC1795-3928-4B7D-BDD1-835103501DA3}.Release|Any CPU.ActiveCfg = Release|Any CPU
		{37BC1795-3928-4B7D-BDD1-835103501DA3}.Release|Any CPU.Build.0 = Release|Any CPU
		{37BC1795-3928-4B7D-BDD1-835103501DA3}.Release|x64.ActiveCfg = Release|Any CPU
		{37BC1795-3928-4B7D-BDD1-835103501DA3}.Release|x64.Build.0 = Release|Any CPU
		{37BC1795-3928-4B7D-BDD1-835103501DA3}.Release|x86.ActiveCfg = Release|Any CPU
		{37BC1795-3928-4B7D-BDD1-835103501DA3}.Release|x86.Build.0 = Release|Any CPU
		{BB1E219F-75CB-419C-A88F-4A8A70ED9C14}.Debug|Any CPU.ActiveCfg = Debug|Any CPU
		{BB1E219F-75CB-419C-A88F-4A8A70ED9C14}.Debug|Any CPU.Build.0 = Debug|Any CPU
		{BB1E219F-75CB-419C-A88F-4A8A70ED9C14}.Debug|x64.ActiveCfg = Debug|Any CPU
		{BB1E219F-75CB-419C-A88F-4A8A70ED9C14}.Debug|x64.Build.0 = Debug|Any CPU
		{BB1E219F-75CB-419C-A88F-4A8A70ED9C14}.Debug|x86.ActiveCfg = Debug|Any CPU
		{BB1E219F-75CB-419C-A88F-4A8A70ED9C14}.Debug|x86.Build.0 = Debug|Any CPU
		{BB1E219F-75CB-419C-A88F-4A8A70ED9C14}.Release|Any CPU.ActiveCfg = Release|Any CPU
		{BB1E219F-75CB-419C-A88F-4A8A70ED9C14}.Release|Any CPU.Build.0 = Release|Any CPU
		{BB1E219F-75CB-419C-A88F-4A8A70ED9C14}.Release|x64.ActiveCfg = Release|Any CPU
		{BB1E219F-75CB-419C-A88F-4A8A70ED9C14}.Release|x64.Build.0 = Release|Any CPU
		{BB1E219F-75CB-419C-A88F-4A8A70ED9C14}.Release|x86.ActiveCfg = Release|Any CPU
		{BB1E219F-75CB-419C-A88F-4A8A70ED9C14}.Release|x86.Build.0 = Release|Any CPU
		{7B5BDDAE-9D9E-47FF-A74E-1CFB48C4C3CB}.Debug|Any CPU.ActiveCfg = Debug|Any CPU
		{7B5BDDAE-9D9E-47FF-A74E-1CFB48C4C3CB}.Debug|Any CPU.Build.0 = Debug|Any CPU
		{7B5BDDAE-9D9E-47FF-A74E-1CFB48C4C3CB}.Debug|x64.ActiveCfg = Debug|Any CPU
		{7B5BDDAE-9D9E-47FF-A74E-1CFB48C4C3CB}.Debug|x64.Build.0 = Debug|Any CPU
		{7B5BDDAE-9D9E-47FF-A74E-1CFB48C4C3CB}.Debug|x86.ActiveCfg = Debug|Any CPU
		{7B5BDDAE-9D9E-47FF-A74E-1CFB48C4C3CB}.Debug|x86.Build.0 = Debug|Any CPU
		{7B5BDDAE-9D9E-47FF-A74E-1CFB48C4C3CB}.Release|Any CPU.ActiveCfg = Release|Any CPU
		{7B5BDDAE-9D9E-47FF-A74E-1CFB48C4C3CB}.Release|Any CPU.Build.0 = Release|Any CPU
		{7B5BDDAE-9D9E-47FF-A74E-1CFB48C4C3CB}.Release|x64.ActiveCfg = Release|Any CPU
		{7B5BDDAE-9D9E-47FF-A74E-1CFB48C4C3CB}.Release|x64.Build.0 = Release|Any CPU
		{7B5BDDAE-9D9E-47FF-A74E-1CFB48C4C3CB}.Release|x86.ActiveCfg = Release|Any CPU
		{7B5BDDAE-9D9E-47FF-A74E-1CFB48C4C3CB}.Release|x86.Build.0 = Release|Any CPU
		{544ECA42-14CA-4401-A04B-A8652A0A77B6}.Debug|Any CPU.ActiveCfg = Debug|Any CPU
		{544ECA42-14CA-4401-A04B-A8652A0A77B6}.Debug|Any CPU.Build.0 = Debug|Any CPU
		{544ECA42-14CA-4401-A04B-A8652A0A77B6}.Debug|x64.ActiveCfg = Debug|Any CPU
		{544ECA42-14CA-4401-A04B-A8652A0A77B6}.Debug|x64.Build.0 = Debug|Any CPU
		{544ECA42-14CA-4401-A04B-A8652A0A77B6}.Debug|x86.ActiveCfg = Debug|Any CPU
		{544ECA42-14CA-4401-A04B-A8652A0A77B6}.Debug|x86.Build.0 = Debug|Any CPU
		{544ECA42-14CA-4401-A04B-A8652A0A77B6}.Release|Any CPU.ActiveCfg = Release|Any CPU
		{544ECA42-14CA-4401-A04B-A8652A0A77B6}.Release|Any CPU.Build.0 = Release|Any CPU
		{544ECA42-14CA-4401-A04B-A8652A0A77B6}.Release|x64.ActiveCfg = Release|Any CPU
		{544ECA42-14CA-4401-A04B-A8652A0A77B6}.Release|x64.Build.0 = Release|Any CPU
		{544ECA42-14CA-4401-A04B-A8652A0A77B6}.Release|x86.ActiveCfg = Release|Any CPU
		{544ECA42-14CA-4401-A04B-A8652A0A77B6}.Release|x86.Build.0 = Release|Any CPU
		{45C291C7-0877-4BD6-A414-4634E81F4C74}.Debug|Any CPU.ActiveCfg = Debug|Any CPU
		{45C291C7-0877-4BD6-A414-4634E81F4C74}.Debug|Any CPU.Build.0 = Debug|Any CPU
		{45C291C7-0877-4BD6-A414-4634E81F4C74}.Debug|x64.ActiveCfg = Debug|Any CPU
		{45C291C7-0877-4BD6-A414-4634E81F4C74}.Debug|x64.Build.0 = Debug|Any CPU
		{45C291C7-0877-4BD6-A414-4634E81F4C74}.Debug|x86.ActiveCfg = Debug|Any CPU
		{45C291C7-0877-4BD6-A414-4634E81F4C74}.Debug|x86.Build.0 = Debug|Any CPU
		{45C291C7-0877-4BD6-A414-4634E81F4C74}.Release|Any CPU.ActiveCfg = Release|Any CPU
		{45C291C7-0877-4BD6-A414-4634E81F4C74}.Release|Any CPU.Build.0 = Release|Any CPU
		{45C291C7-0877-4BD6-A414-4634E81F4C74}.Release|x64.ActiveCfg = Release|Any CPU
		{45C291C7-0877-4BD6-A414-4634E81F4C74}.Release|x64.Build.0 = Release|Any CPU
		{45C291C7-0877-4BD6-A414-4634E81F4C74}.Release|x86.ActiveCfg = Release|Any CPU
		{45C291C7-0877-4BD6-A414-4634E81F4C74}.Release|x86.Build.0 = Release|Any CPU
		{AB016CB2-2262-4CFE-82BF-412E8B23A9E8}.Debug|Any CPU.ActiveCfg = Debug|Any CPU
		{AB016CB2-2262-4CFE-82BF-412E8B23A9E8}.Debug|Any CPU.Build.0 = Debug|Any CPU
		{AB016CB2-2262-4CFE-82BF-412E8B23A9E8}.Debug|x64.ActiveCfg = Debug|Any CPU
		{AB016CB2-2262-4CFE-82BF-412E8B23A9E8}.Debug|x64.Build.0 = Debug|Any CPU
		{AB016CB2-2262-4CFE-82BF-412E8B23A9E8}.Debug|x86.ActiveCfg = Debug|Any CPU
		{AB016CB2-2262-4CFE-82BF-412E8B23A9E8}.Debug|x86.Build.0 = Debug|Any CPU
		{AB016CB2-2262-4CFE-82BF-412E8B23A9E8}.Release|Any CPU.ActiveCfg = Release|Any CPU
		{AB016CB2-2262-4CFE-82BF-412E8B23A9E8}.Release|Any CPU.Build.0 = Release|Any CPU
		{AB016CB2-2262-4CFE-82BF-412E8B23A9E8}.Release|x64.ActiveCfg = Release|Any CPU
		{AB016CB2-2262-4CFE-82BF-412E8B23A9E8}.Release|x64.Build.0 = Release|Any CPU
		{AB016CB2-2262-4CFE-82BF-412E8B23A9E8}.Release|x86.ActiveCfg = Release|Any CPU
		{AB016CB2-2262-4CFE-82BF-412E8B23A9E8}.Release|x86.Build.0 = Release|Any CPU
		{263CA1C2-7AB4-41D3-90B3-A2C622236413}.Debug|Any CPU.ActiveCfg = Debug|Any CPU
		{263CA1C2-7AB4-41D3-90B3-A2C622236413}.Debug|Any CPU.Build.0 = Debug|Any CPU
		{263CA1C2-7AB4-41D3-90B3-A2C622236413}.Debug|x64.ActiveCfg = Debug|Any CPU
		{263CA1C2-7AB4-41D3-90B3-A2C622236413}.Debug|x64.Build.0 = Debug|Any CPU
		{263CA1C2-7AB4-41D3-90B3-A2C622236413}.Debug|x86.ActiveCfg = Debug|Any CPU
		{263CA1C2-7AB4-41D3-90B3-A2C622236413}.Debug|x86.Build.0 = Debug|Any CPU
		{263CA1C2-7AB4-41D3-90B3-A2C622236413}.Release|Any CPU.ActiveCfg = Release|Any CPU
		{263CA1C2-7AB4-41D3-90B3-A2C622236413}.Release|Any CPU.Build.0 = Release|Any CPU
		{263CA1C2-7AB4-41D3-90B3-A2C622236413}.Release|x64.ActiveCfg = Release|Any CPU
		{263CA1C2-7AB4-41D3-90B3-A2C622236413}.Release|x64.Build.0 = Release|Any CPU
		{263CA1C2-7AB4-41D3-90B3-A2C622236413}.Release|x86.ActiveCfg = Release|Any CPU
		{263CA1C2-7AB4-41D3-90B3-A2C622236413}.Release|x86.Build.0 = Release|Any CPU
		{CF6236D5-0DDD-49F8-8E20-9ECD6A2A2B8A}.Debug|Any CPU.ActiveCfg = Debug|Any CPU
		{CF6236D5-0DDD-49F8-8E20-9ECD6A2A2B8A}.Debug|Any CPU.Build.0 = Debug|Any CPU
		{CF6236D5-0DDD-49F8-8E20-9ECD6A2A2B8A}.Debug|x64.ActiveCfg = Debug|Any CPU
		{CF6236D5-0DDD-49F8-8E20-9ECD6A2A2B8A}.Debug|x64.Build.0 = Debug|Any CPU
		{CF6236D5-0DDD-49F8-8E20-9ECD6A2A2B8A}.Debug|x86.ActiveCfg = Debug|Any CPU
		{CF6236D5-0DDD-49F8-8E20-9ECD6A2A2B8A}.Debug|x86.Build.0 = Debug|Any CPU
		{CF6236D5-0DDD-49F8-8E20-9ECD6A2A2B8A}.Release|Any CPU.ActiveCfg = Release|Any CPU
		{CF6236D5-0DDD-49F8-8E20-9ECD6A2A2B8A}.Release|Any CPU.Build.0 = Release|Any CPU
		{CF6236D5-0DDD-49F8-8E20-9ECD6A2A2B8A}.Release|x64.ActiveCfg = Release|Any CPU
		{CF6236D5-0DDD-49F8-8E20-9ECD6A2A2B8A}.Release|x64.Build.0 = Release|Any CPU
		{CF6236D5-0DDD-49F8-8E20-9ECD6A2A2B8A}.Release|x86.ActiveCfg = Release|Any CPU
		{CF6236D5-0DDD-49F8-8E20-9ECD6A2A2B8A}.Release|x86.Build.0 = Release|Any CPU
		{C1C43FD0-A75A-4733-B0CA-66E44AE1C954}.Debug|Any CPU.ActiveCfg = Debug|Any CPU
		{C1C43FD0-A75A-4733-B0CA-66E44AE1C954}.Debug|Any CPU.Build.0 = Debug|Any CPU
		{C1C43FD0-A75A-4733-B0CA-66E44AE1C954}.Debug|x64.ActiveCfg = Debug|Any CPU
		{C1C43FD0-A75A-4733-B0CA-66E44AE1C954}.Debug|x64.Build.0 = Debug|Any CPU
		{C1C43FD0-A75A-4733-B0CA-66E44AE1C954}.Debug|x86.ActiveCfg = Debug|Any CPU
		{C1C43FD0-A75A-4733-B0CA-66E44AE1C954}.Debug|x86.Build.0 = Debug|Any CPU
		{C1C43FD0-A75A-4733-B0CA-66E44AE1C954}.Release|Any CPU.ActiveCfg = Release|Any CPU
		{C1C43FD0-A75A-4733-B0CA-66E44AE1C954}.Release|Any CPU.Build.0 = Release|Any CPU
		{C1C43FD0-A75A-4733-B0CA-66E44AE1C954}.Release|x64.ActiveCfg = Release|Any CPU
		{C1C43FD0-A75A-4733-B0CA-66E44AE1C954}.Release|x64.Build.0 = Release|Any CPU
		{C1C43FD0-A75A-4733-B0CA-66E44AE1C954}.Release|x86.ActiveCfg = Release|Any CPU
		{C1C43FD0-A75A-4733-B0CA-66E44AE1C954}.Release|x86.Build.0 = Release|Any CPU
		{895D53D6-8180-4A83-BF98-08281A20E6B6}.Debug|Any CPU.ActiveCfg = Debug|Any CPU
		{895D53D6-8180-4A83-BF98-08281A20E6B6}.Debug|Any CPU.Build.0 = Debug|Any CPU
		{895D53D6-8180-4A83-BF98-08281A20E6B6}.Debug|x64.ActiveCfg = Debug|Any CPU
		{895D53D6-8180-4A83-BF98-08281A20E6B6}.Debug|x64.Build.0 = Debug|Any CPU
		{895D53D6-8180-4A83-BF98-08281A20E6B6}.Debug|x86.ActiveCfg = Debug|Any CPU
		{895D53D6-8180-4A83-BF98-08281A20E6B6}.Debug|x86.Build.0 = Debug|Any CPU
		{895D53D6-8180-4A83-BF98-08281A20E6B6}.Release|Any CPU.ActiveCfg = Release|Any CPU
		{895D53D6-8180-4A83-BF98-08281A20E6B6}.Release|Any CPU.Build.0 = Release|Any CPU
		{895D53D6-8180-4A83-BF98-08281A20E6B6}.Release|x64.ActiveCfg = Release|Any CPU
		{895D53D6-8180-4A83-BF98-08281A20E6B6}.Release|x64.Build.0 = Release|Any CPU
		{895D53D6-8180-4A83-BF98-08281A20E6B6}.Release|x86.ActiveCfg = Release|Any CPU
		{895D53D6-8180-4A83-BF98-08281A20E6B6}.Release|x86.Build.0 = Release|Any CPU
		{A2772C86-120F-45D2-80EA-7A28BC40941F}.Debug|Any CPU.ActiveCfg = Debug|Any CPU
		{A2772C86-120F-45D2-80EA-7A28BC40941F}.Debug|Any CPU.Build.0 = Debug|Any CPU
		{A2772C86-120F-45D2-80EA-7A28BC40941F}.Debug|x64.ActiveCfg = Debug|Any CPU
		{A2772C86-120F-45D2-80EA-7A28BC40941F}.Debug|x64.Build.0 = Debug|Any CPU
		{A2772C86-120F-45D2-80EA-7A28BC40941F}.Debug|x86.ActiveCfg = Debug|Any CPU
		{A2772C86-120F-45D2-80EA-7A28BC40941F}.Debug|x86.Build.0 = Debug|Any CPU
		{A2772C86-120F-45D2-80EA-7A28BC40941F}.Release|Any CPU.ActiveCfg = Release|Any CPU
		{A2772C86-120F-45D2-80EA-7A28BC40941F}.Release|Any CPU.Build.0 = Release|Any CPU
		{A2772C86-120F-45D2-80EA-7A28BC40941F}.Release|x64.ActiveCfg = Release|Any CPU
		{A2772C86-120F-45D2-80EA-7A28BC40941F}.Release|x64.Build.0 = Release|Any CPU
		{A2772C86-120F-45D2-80EA-7A28BC40941F}.Release|x86.ActiveCfg = Release|Any CPU
		{A2772C86-120F-45D2-80EA-7A28BC40941F}.Release|x86.Build.0 = Release|Any CPU
		{879D21B6-0609-4751-A06F-A9A910B0FB06}.Debug|Any CPU.ActiveCfg = Debug|Any CPU
		{879D21B6-0609-4751-A06F-A9A910B0FB06}.Debug|Any CPU.Build.0 = Debug|Any CPU
		{879D21B6-0609-4751-A06F-A9A910B0FB06}.Debug|x64.ActiveCfg = Debug|Any CPU
		{879D21B6-0609-4751-A06F-A9A910B0FB06}.Debug|x64.Build.0 = Debug|Any CPU
		{879D21B6-0609-4751-A06F-A9A910B0FB06}.Debug|x86.ActiveCfg = Debug|Any CPU
		{879D21B6-0609-4751-A06F-A9A910B0FB06}.Debug|x86.Build.0 = Debug|Any CPU
		{879D21B6-0609-4751-A06F-A9A910B0FB06}.Release|Any CPU.ActiveCfg = Release|Any CPU
		{879D21B6-0609-4751-A06F-A9A910B0FB06}.Release|Any CPU.Build.0 = Release|Any CPU
		{879D21B6-0609-4751-A06F-A9A910B0FB06}.Release|x64.ActiveCfg = Release|Any CPU
		{879D21B6-0609-4751-A06F-A9A910B0FB06}.Release|x64.Build.0 = Release|Any CPU
		{879D21B6-0609-4751-A06F-A9A910B0FB06}.Release|x86.ActiveCfg = Release|Any CPU
		{879D21B6-0609-4751-A06F-A9A910B0FB06}.Release|x86.Build.0 = Release|Any CPU
		{EDF6229D-843B-456F-AB97-C38B56BDCA61}.Debug|Any CPU.ActiveCfg = Debug|Any CPU
		{EDF6229D-843B-456F-AB97-C38B56BDCA61}.Debug|Any CPU.Build.0 = Debug|Any CPU
		{EDF6229D-843B-456F-AB97-C38B56BDCA61}.Debug|x64.ActiveCfg = Debug|Any CPU
		{EDF6229D-843B-456F-AB97-C38B56BDCA61}.Debug|x64.Build.0 = Debug|Any CPU
		{EDF6229D-843B-456F-AB97-C38B56BDCA61}.Debug|x86.ActiveCfg = Debug|Any CPU
		{EDF6229D-843B-456F-AB97-C38B56BDCA61}.Debug|x86.Build.0 = Debug|Any CPU
		{EDF6229D-843B-456F-AB97-C38B56BDCA61}.Release|Any CPU.ActiveCfg = Release|Any CPU
		{EDF6229D-843B-456F-AB97-C38B56BDCA61}.Release|Any CPU.Build.0 = Release|Any CPU
		{EDF6229D-843B-456F-AB97-C38B56BDCA61}.Release|x64.ActiveCfg = Release|Any CPU
		{EDF6229D-843B-456F-AB97-C38B56BDCA61}.Release|x64.Build.0 = Release|Any CPU
		{EDF6229D-843B-456F-AB97-C38B56BDCA61}.Release|x86.ActiveCfg = Release|Any CPU
		{EDF6229D-843B-456F-AB97-C38B56BDCA61}.Release|x86.Build.0 = Release|Any CPU
		{AE3845AD-0AE2-4FD2-83AC-7242C3C604F4}.Debug|Any CPU.ActiveCfg = Debug|Any CPU
		{AE3845AD-0AE2-4FD2-83AC-7242C3C604F4}.Debug|Any CPU.Build.0 = Debug|Any CPU
		{AE3845AD-0AE2-4FD2-83AC-7242C3C604F4}.Debug|x64.ActiveCfg = Debug|Any CPU
		{AE3845AD-0AE2-4FD2-83AC-7242C3C604F4}.Debug|x64.Build.0 = Debug|Any CPU
		{AE3845AD-0AE2-4FD2-83AC-7242C3C604F4}.Debug|x86.ActiveCfg = Debug|Any CPU
		{AE3845AD-0AE2-4FD2-83AC-7242C3C604F4}.Debug|x86.Build.0 = Debug|Any CPU
		{AE3845AD-0AE2-4FD2-83AC-7242C3C604F4}.Release|Any CPU.ActiveCfg = Release|Any CPU
		{AE3845AD-0AE2-4FD2-83AC-7242C3C604F4}.Release|Any CPU.Build.0 = Release|Any CPU
		{AE3845AD-0AE2-4FD2-83AC-7242C3C604F4}.Release|x64.ActiveCfg = Release|Any CPU
		{AE3845AD-0AE2-4FD2-83AC-7242C3C604F4}.Release|x64.Build.0 = Release|Any CPU
		{AE3845AD-0AE2-4FD2-83AC-7242C3C604F4}.Release|x86.ActiveCfg = Release|Any CPU
		{AE3845AD-0AE2-4FD2-83AC-7242C3C604F4}.Release|x86.Build.0 = Release|Any CPU
		{C8B0A2E1-8BD3-466D-96B4-EFF12ABCE1AF}.Debug|Any CPU.ActiveCfg = Debug|Any CPU
		{C8B0A2E1-8BD3-466D-96B4-EFF12ABCE1AF}.Debug|Any CPU.Build.0 = Debug|Any CPU
		{C8B0A2E1-8BD3-466D-96B4-EFF12ABCE1AF}.Debug|x64.ActiveCfg = Debug|Any CPU
		{C8B0A2E1-8BD3-466D-96B4-EFF12ABCE1AF}.Debug|x64.Build.0 = Debug|Any CPU
		{C8B0A2E1-8BD3-466D-96B4-EFF12ABCE1AF}.Debug|x86.ActiveCfg = Debug|Any CPU
		{C8B0A2E1-8BD3-466D-96B4-EFF12ABCE1AF}.Debug|x86.Build.0 = Debug|Any CPU
		{C8B0A2E1-8BD3-466D-96B4-EFF12ABCE1AF}.Release|Any CPU.ActiveCfg = Release|Any CPU
		{C8B0A2E1-8BD3-466D-96B4-EFF12ABCE1AF}.Release|Any CPU.Build.0 = Release|Any CPU
		{C8B0A2E1-8BD3-466D-96B4-EFF12ABCE1AF}.Release|x64.ActiveCfg = Release|Any CPU
		{C8B0A2E1-8BD3-466D-96B4-EFF12ABCE1AF}.Release|x64.Build.0 = Release|Any CPU
		{C8B0A2E1-8BD3-466D-96B4-EFF12ABCE1AF}.Release|x86.ActiveCfg = Release|Any CPU
		{C8B0A2E1-8BD3-466D-96B4-EFF12ABCE1AF}.Release|x86.Build.0 = Release|Any CPU
		{897F33B0-B7CB-4583-913A-25DF9D22CBB6}.Debug|Any CPU.ActiveCfg = Debug|Any CPU
		{897F33B0-B7CB-4583-913A-25DF9D22CBB6}.Debug|Any CPU.Build.0 = Debug|Any CPU
		{897F33B0-B7CB-4583-913A-25DF9D22CBB6}.Debug|x64.ActiveCfg = Debug|Any CPU
		{897F33B0-B7CB-4583-913A-25DF9D22CBB6}.Debug|x64.Build.0 = Debug|Any CPU
		{897F33B0-B7CB-4583-913A-25DF9D22CBB6}.Debug|x86.ActiveCfg = Debug|Any CPU
		{897F33B0-B7CB-4583-913A-25DF9D22CBB6}.Debug|x86.Build.0 = Debug|Any CPU
		{897F33B0-B7CB-4583-913A-25DF9D22CBB6}.Release|Any CPU.ActiveCfg = Release|Any CPU
		{897F33B0-B7CB-4583-913A-25DF9D22CBB6}.Release|Any CPU.Build.0 = Release|Any CPU
		{897F33B0-B7CB-4583-913A-25DF9D22CBB6}.Release|x64.ActiveCfg = Release|Any CPU
		{897F33B0-B7CB-4583-913A-25DF9D22CBB6}.Release|x64.Build.0 = Release|Any CPU
		{897F33B0-B7CB-4583-913A-25DF9D22CBB6}.Release|x86.ActiveCfg = Release|Any CPU
		{897F33B0-B7CB-4583-913A-25DF9D22CBB6}.Release|x86.Build.0 = Release|Any CPU
		{F5B77E69-582D-4EA6-9F7D-EE9533BCB378}.Debug|Any CPU.ActiveCfg = Debug|Any CPU
		{F5B77E69-582D-4EA6-9F7D-EE9533BCB378}.Debug|Any CPU.Build.0 = Debug|Any CPU
		{F5B77E69-582D-4EA6-9F7D-EE9533BCB378}.Debug|x64.ActiveCfg = Debug|Any CPU
		{F5B77E69-582D-4EA6-9F7D-EE9533BCB378}.Debug|x64.Build.0 = Debug|Any CPU
		{F5B77E69-582D-4EA6-9F7D-EE9533BCB378}.Debug|x86.ActiveCfg = Debug|Any CPU
		{F5B77E69-582D-4EA6-9F7D-EE9533BCB378}.Debug|x86.Build.0 = Debug|Any CPU
		{F5B77E69-582D-4EA6-9F7D-EE9533BCB378}.Release|Any CPU.ActiveCfg = Release|Any CPU
		{F5B77E69-582D-4EA6-9F7D-EE9533BCB378}.Release|Any CPU.Build.0 = Release|Any CPU
		{F5B77E69-582D-4EA6-9F7D-EE9533BCB378}.Release|x64.ActiveCfg = Release|Any CPU
		{F5B77E69-582D-4EA6-9F7D-EE9533BCB378}.Release|x64.Build.0 = Release|Any CPU
		{F5B77E69-582D-4EA6-9F7D-EE9533BCB378}.Release|x86.ActiveCfg = Release|Any CPU
		{F5B77E69-582D-4EA6-9F7D-EE9533BCB378}.Release|x86.Build.0 = Release|Any CPU
		{48EB0EB2-C00A-4726-A110-2183FAC6461C}.Debug|Any CPU.ActiveCfg = Debug|Any CPU
		{48EB0EB2-C00A-4726-A110-2183FAC6461C}.Debug|Any CPU.Build.0 = Debug|Any CPU
		{48EB0EB2-C00A-4726-A110-2183FAC6461C}.Debug|x64.ActiveCfg = Debug|Any CPU
		{48EB0EB2-C00A-4726-A110-2183FAC6461C}.Debug|x64.Build.0 = Debug|Any CPU
		{48EB0EB2-C00A-4726-A110-2183FAC6461C}.Debug|x86.ActiveCfg = Debug|Any CPU
		{48EB0EB2-C00A-4726-A110-2183FAC6461C}.Debug|x86.Build.0 = Debug|Any CPU
		{48EB0EB2-C00A-4726-A110-2183FAC6461C}.Release|Any CPU.ActiveCfg = Release|Any CPU
		{48EB0EB2-C00A-4726-A110-2183FAC6461C}.Release|Any CPU.Build.0 = Release|Any CPU
		{48EB0EB2-C00A-4726-A110-2183FAC6461C}.Release|x64.ActiveCfg = Release|Any CPU
		{48EB0EB2-C00A-4726-A110-2183FAC6461C}.Release|x64.Build.0 = Release|Any CPU
		{48EB0EB2-C00A-4726-A110-2183FAC6461C}.Release|x86.ActiveCfg = Release|Any CPU
		{48EB0EB2-C00A-4726-A110-2183FAC6461C}.Release|x86.Build.0 = Release|Any CPU
		{8770C583-8C27-4A98-9280-BF4E6F46A2E1}.Debug|Any CPU.ActiveCfg = Debug|Any CPU
		{8770C583-8C27-4A98-9280-BF4E6F46A2E1}.Debug|Any CPU.Build.0 = Debug|Any CPU
		{8770C583-8C27-4A98-9280-BF4E6F46A2E1}.Debug|x64.ActiveCfg = Debug|Any CPU
		{8770C583-8C27-4A98-9280-BF4E6F46A2E1}.Debug|x64.Build.0 = Debug|Any CPU
		{8770C583-8C27-4A98-9280-BF4E6F46A2E1}.Debug|x86.ActiveCfg = Debug|Any CPU
		{8770C583-8C27-4A98-9280-BF4E6F46A2E1}.Debug|x86.Build.0 = Debug|Any CPU
		{8770C583-8C27-4A98-9280-BF4E6F46A2E1}.Release|Any CPU.ActiveCfg = Release|Any CPU
		{8770C583-8C27-4A98-9280-BF4E6F46A2E1}.Release|Any CPU.Build.0 = Release|Any CPU
		{8770C583-8C27-4A98-9280-BF4E6F46A2E1}.Release|x64.ActiveCfg = Release|Any CPU
		{8770C583-8C27-4A98-9280-BF4E6F46A2E1}.Release|x64.Build.0 = Release|Any CPU
		{8770C583-8C27-4A98-9280-BF4E6F46A2E1}.Release|x86.ActiveCfg = Release|Any CPU
		{8770C583-8C27-4A98-9280-BF4E6F46A2E1}.Release|x86.Build.0 = Release|Any CPU
		{D30FFF6C-B831-4925-9CE0-1502E36FD4F8}.Debug|Any CPU.ActiveCfg = Debug|Any CPU
		{D30FFF6C-B831-4925-9CE0-1502E36FD4F8}.Debug|Any CPU.Build.0 = Debug|Any CPU
		{D30FFF6C-B831-4925-9CE0-1502E36FD4F8}.Debug|x64.ActiveCfg = Debug|Any CPU
		{D30FFF6C-B831-4925-9CE0-1502E36FD4F8}.Debug|x64.Build.0 = Debug|Any CPU
		{D30FFF6C-B831-4925-9CE0-1502E36FD4F8}.Debug|x86.ActiveCfg = Debug|Any CPU
		{D30FFF6C-B831-4925-9CE0-1502E36FD4F8}.Debug|x86.Build.0 = Debug|Any CPU
		{D30FFF6C-B831-4925-9CE0-1502E36FD4F8}.Release|Any CPU.ActiveCfg = Release|Any CPU
		{D30FFF6C-B831-4925-9CE0-1502E36FD4F8}.Release|Any CPU.Build.0 = Release|Any CPU
		{D30FFF6C-B831-4925-9CE0-1502E36FD4F8}.Release|x64.ActiveCfg = Release|Any CPU
		{D30FFF6C-B831-4925-9CE0-1502E36FD4F8}.Release|x64.Build.0 = Release|Any CPU
		{D30FFF6C-B831-4925-9CE0-1502E36FD4F8}.Release|x86.ActiveCfg = Release|Any CPU
		{D30FFF6C-B831-4925-9CE0-1502E36FD4F8}.Release|x86.Build.0 = Release|Any CPU
		{B22B90FB-655E-4783-A68B-409C4C12CE55}.Debug|Any CPU.ActiveCfg = Debug|Any CPU
		{B22B90FB-655E-4783-A68B-409C4C12CE55}.Debug|Any CPU.Build.0 = Debug|Any CPU
		{B22B90FB-655E-4783-A68B-409C4C12CE55}.Debug|x64.ActiveCfg = Debug|Any CPU
		{B22B90FB-655E-4783-A68B-409C4C12CE55}.Debug|x64.Build.0 = Debug|Any CPU
		{B22B90FB-655E-4783-A68B-409C4C12CE55}.Debug|x86.ActiveCfg = Debug|Any CPU
		{B22B90FB-655E-4783-A68B-409C4C12CE55}.Debug|x86.Build.0 = Debug|Any CPU
		{B22B90FB-655E-4783-A68B-409C4C12CE55}.Release|Any CPU.ActiveCfg = Release|Any CPU
		{B22B90FB-655E-4783-A68B-409C4C12CE55}.Release|Any CPU.Build.0 = Release|Any CPU
		{B22B90FB-655E-4783-A68B-409C4C12CE55}.Release|x64.ActiveCfg = Release|Any CPU
		{B22B90FB-655E-4783-A68B-409C4C12CE55}.Release|x64.Build.0 = Release|Any CPU
		{B22B90FB-655E-4783-A68B-409C4C12CE55}.Release|x86.ActiveCfg = Release|Any CPU
		{B22B90FB-655E-4783-A68B-409C4C12CE55}.Release|x86.Build.0 = Release|Any CPU
		{3C5858DE-EF4E-4EEB-84E7-E988E9A28A86}.Debug|Any CPU.ActiveCfg = Debug|Any CPU
		{3C5858DE-EF4E-4EEB-84E7-E988E9A28A86}.Debug|Any CPU.Build.0 = Debug|Any CPU
		{3C5858DE-EF4E-4EEB-84E7-E988E9A28A86}.Debug|x64.ActiveCfg = Debug|Any CPU
		{3C5858DE-EF4E-4EEB-84E7-E988E9A28A86}.Debug|x64.Build.0 = Debug|Any CPU
		{3C5858DE-EF4E-4EEB-84E7-E988E9A28A86}.Debug|x86.ActiveCfg = Debug|Any CPU
		{3C5858DE-EF4E-4EEB-84E7-E988E9A28A86}.Debug|x86.Build.0 = Debug|Any CPU
		{3C5858DE-EF4E-4EEB-84E7-E988E9A28A86}.Release|Any CPU.ActiveCfg = Release|Any CPU
		{3C5858DE-EF4E-4EEB-84E7-E988E9A28A86}.Release|Any CPU.Build.0 = Release|Any CPU
		{3C5858DE-EF4E-4EEB-84E7-E988E9A28A86}.Release|x64.ActiveCfg = Release|Any CPU
		{3C5858DE-EF4E-4EEB-84E7-E988E9A28A86}.Release|x64.Build.0 = Release|Any CPU
		{3C5858DE-EF4E-4EEB-84E7-E988E9A28A86}.Release|x86.ActiveCfg = Release|Any CPU
		{3C5858DE-EF4E-4EEB-84E7-E988E9A28A86}.Release|x86.Build.0 = Release|Any CPU
		{23CD9E94-545B-4721-80A2-5509576D4029}.Debug|Any CPU.ActiveCfg = Debug|Any CPU
		{23CD9E94-545B-4721-80A2-5509576D4029}.Debug|Any CPU.Build.0 = Debug|Any CPU
		{23CD9E94-545B-4721-80A2-5509576D4029}.Debug|x64.ActiveCfg = Debug|Any CPU
		{23CD9E94-545B-4721-80A2-5509576D4029}.Debug|x64.Build.0 = Debug|Any CPU
		{23CD9E94-545B-4721-80A2-5509576D4029}.Debug|x86.ActiveCfg = Debug|Any CPU
		{23CD9E94-545B-4721-80A2-5509576D4029}.Debug|x86.Build.0 = Debug|Any CPU
		{23CD9E94-545B-4721-80A2-5509576D4029}.Release|Any CPU.ActiveCfg = Release|Any CPU
		{23CD9E94-545B-4721-80A2-5509576D4029}.Release|Any CPU.Build.0 = Release|Any CPU
		{23CD9E94-545B-4721-80A2-5509576D4029}.Release|x64.ActiveCfg = Release|Any CPU
		{23CD9E94-545B-4721-80A2-5509576D4029}.Release|x64.Build.0 = Release|Any CPU
		{23CD9E94-545B-4721-80A2-5509576D4029}.Release|x86.ActiveCfg = Release|Any CPU
		{23CD9E94-545B-4721-80A2-5509576D4029}.Release|x86.Build.0 = Release|Any CPU
	EndGlobalSection
	GlobalSection(SolutionProperties) = preSolution
		HideSolutionNode = FALSE
	EndGlobalSection
	GlobalSection(NestedProjects) = preSolution
		{35080707-2D31-4CDB-A7C6-4E3B322125DD} = {BCF54DD7-6A2E-4B7D-A5BD-A3E378EE49AD}
		{E7DD0EA2-BA42-4BE3-8156-5D86B8D58EE1} = {BCF54DD7-6A2E-4B7D-A5BD-A3E378EE49AD}
		{ADBAB017-5DE1-4CDD-821C-C180AF0205EC} = {BCF54DD7-6A2E-4B7D-A5BD-A3E378EE49AD}
		{C40B12D8-D6CC-4FB0-90FA-7BA296C88E67} = {BCF54DD7-6A2E-4B7D-A5BD-A3E378EE49AD}
		{EF2CEFF5-E85C-415A-A00B-AC42AFE14B5D} = {BCF54DD7-6A2E-4B7D-A5BD-A3E378EE49AD}
		{907963AF-BC40-4930-AECA-F2A354DAFEA0} = {BCF54DD7-6A2E-4B7D-A5BD-A3E378EE49AD}
		{4D13D087-ECF4-4C5A-848A-79809118446A} = {BCF54DD7-6A2E-4B7D-A5BD-A3E378EE49AD}
		{49BE29C0-4F7A-4955-A084-04A382468BAE} = {BCF54DD7-6A2E-4B7D-A5BD-A3E378EE49AD}
		{FF936BBC-C990-4B21-8ADC-4061758F2A84} = {BCF54DD7-6A2E-4B7D-A5BD-A3E378EE49AD}
		{EA24BE44-6B09-4DCA-97D3-FDA04C9EF54C} = {BCF54DD7-6A2E-4B7D-A5BD-A3E378EE49AD}
		{AA373081-2BB8-490B-82C1-39DA061CBCB4} = {BCF54DD7-6A2E-4B7D-A5BD-A3E378EE49AD}
		{0C3826CA-3208-445D-8A7C-CA24EF0D44E6} = {BCF54DD7-6A2E-4B7D-A5BD-A3E378EE49AD}
		{7133983D-77F7-4BFD-8324-DB01D6F0550B} = {BCF54DD7-6A2E-4B7D-A5BD-A3E378EE49AD}
		{7CDD8B1C-DA52-4B5A-907A-C90D88B616B6} = {BCF54DD7-6A2E-4B7D-A5BD-A3E378EE49AD}
		{207E8B4A-5510-40D6-989E-0B2D8DC37D8F} = {BCF54DD7-6A2E-4B7D-A5BD-A3E378EE49AD}
		{BA77E35E-3B08-4773-A8E8-02BBFD57E075} = {BCF54DD7-6A2E-4B7D-A5BD-A3E378EE49AD}
		{9A63071D-27C5-4F52-B397-41291BD59E75} = {BCF54DD7-6A2E-4B7D-A5BD-A3E378EE49AD}
		{6E0F8585-3F24-4163-8FC9-8CC1F1532507} = {BCF54DD7-6A2E-4B7D-A5BD-A3E378EE49AD}
		{63B41726-EFE6-4835-A953-D304FE0E7F53} = {BCF54DD7-6A2E-4B7D-A5BD-A3E378EE49AD}
		{218671D9-2A8F-4887-855E-9AA113DB0A8D} = {BCF54DD7-6A2E-4B7D-A5BD-A3E378EE49AD}
		{A20F58A9-66C5-42C4-8D0D-7D9C5F0BF529} = {BCF54DD7-6A2E-4B7D-A5BD-A3E378EE49AD}
		{A9090C92-22AD-4BB7-84F5-03318CCD8E85} = {BCF54DD7-6A2E-4B7D-A5BD-A3E378EE49AD}
		{CBB030EF-0A02-464C-A109-8B0F7DEC4489} = {BCF54DD7-6A2E-4B7D-A5BD-A3E378EE49AD}
		{F6AD1007-2F48-494D-BBCC-118F5BA472EE} = {BCF54DD7-6A2E-4B7D-A5BD-A3E378EE49AD}
		{F77E10E3-A1B3-4DDC-9B91-7FD31096BC3E} = {BCF54DD7-6A2E-4B7D-A5BD-A3E378EE49AD}
		{5A36EE46-E0FC-424B-B254-4DA6C6B6B75C} = {BCF54DD7-6A2E-4B7D-A5BD-A3E378EE49AD}
		{74D182AD-D6F6-464D-91FF-1AF0093230AA} = {BCF54DD7-6A2E-4B7D-A5BD-A3E378EE49AD}
		{3B2A267E-A2C1-41C9-AA14-EE136BBA42A8} = {BCF54DD7-6A2E-4B7D-A5BD-A3E378EE49AD}
		{0D368D0C-62B2-4909-997C-7297FCBDA570} = {BCF54DD7-6A2E-4B7D-A5BD-A3E378EE49AD}
		{23B86A2C-DD6C-4571-BD33-88518743941D} = {BCF54DD7-6A2E-4B7D-A5BD-A3E378EE49AD}
		{1244D770-FD12-4A62-8E23-C20FC54E8405} = {BCF54DD7-6A2E-4B7D-A5BD-A3E378EE49AD}
		{99187F8B-4398-4753-86CD-396953E6CBC8} = {BCF54DD7-6A2E-4B7D-A5BD-A3E378EE49AD}
		{A7B53CE9-4DBE-42CC-A0BF-C90D3A8EA742} = {BCF54DD7-6A2E-4B7D-A5BD-A3E378EE49AD}
		{8DDF14A9-90ED-4BB8-814C-8A477D48EB0F} = {BCF54DD7-6A2E-4B7D-A5BD-A3E378EE49AD}
		{AE5E0947-3466-43EE-BFC7-FAF29146F214} = {BCF54DD7-6A2E-4B7D-A5BD-A3E378EE49AD}
		{37BC1795-3928-4B7D-BDD1-835103501DA3} = {BCF54DD7-6A2E-4B7D-A5BD-A3E378EE49AD}
		{BB1E219F-75CB-419C-A88F-4A8A70ED9C14} = {BCF54DD7-6A2E-4B7D-A5BD-A3E378EE49AD}
		{7B5BDDAE-9D9E-47FF-A74E-1CFB48C4C3CB} = {BCF54DD7-6A2E-4B7D-A5BD-A3E378EE49AD}
		{544ECA42-14CA-4401-A04B-A8652A0A77B6} = {BCF54DD7-6A2E-4B7D-A5BD-A3E378EE49AD}
		{45C291C7-0877-4BD6-A414-4634E81F4C74} = {BCF54DD7-6A2E-4B7D-A5BD-A3E378EE49AD}
		{AB016CB2-2262-4CFE-82BF-412E8B23A9E8} = {BCF54DD7-6A2E-4B7D-A5BD-A3E378EE49AD}
		{263CA1C2-7AB4-41D3-90B3-A2C622236413} = {BCF54DD7-6A2E-4B7D-A5BD-A3E378EE49AD}
		{CF6236D5-0DDD-49F8-8E20-9ECD6A2A2B8A} = {BCF54DD7-6A2E-4B7D-A5BD-A3E378EE49AD}
		{C1C43FD0-A75A-4733-B0CA-66E44AE1C954} = {BCF54DD7-6A2E-4B7D-A5BD-A3E378EE49AD}
		{895D53D6-8180-4A83-BF98-08281A20E6B6} = {BCF54DD7-6A2E-4B7D-A5BD-A3E378EE49AD}
		{A2772C86-120F-45D2-80EA-7A28BC40941F} = {BCF54DD7-6A2E-4B7D-A5BD-A3E378EE49AD}
		{879D21B6-0609-4751-A06F-A9A910B0FB06} = {BCF54DD7-6A2E-4B7D-A5BD-A3E378EE49AD}
		{EDF6229D-843B-456F-AB97-C38B56BDCA61} = {BCF54DD7-6A2E-4B7D-A5BD-A3E378EE49AD}
		{AE3845AD-0AE2-4FD2-83AC-7242C3C604F4} = {BCF54DD7-6A2E-4B7D-A5BD-A3E378EE49AD}
		{C8B0A2E1-8BD3-466D-96B4-EFF12ABCE1AF} = {BCF54DD7-6A2E-4B7D-A5BD-A3E378EE49AD}
		{897F33B0-B7CB-4583-913A-25DF9D22CBB6} = {BCF54DD7-6A2E-4B7D-A5BD-A3E378EE49AD}
		{F5B77E69-582D-4EA6-9F7D-EE9533BCB378} = {BCF54DD7-6A2E-4B7D-A5BD-A3E378EE49AD}
		{48EB0EB2-C00A-4726-A110-2183FAC6461C} = {BCF54DD7-6A2E-4B7D-A5BD-A3E378EE49AD}
		{8770C583-8C27-4A98-9280-BF4E6F46A2E1} = {BCF54DD7-6A2E-4B7D-A5BD-A3E378EE49AD}
		{D30FFF6C-B831-4925-9CE0-1502E36FD4F8} = {BCF54DD7-6A2E-4B7D-A5BD-A3E378EE49AD}
		{B22B90FB-655E-4783-A68B-409C4C12CE55} = {BCF54DD7-6A2E-4B7D-A5BD-A3E378EE49AD}
		{3C5858DE-EF4E-4EEB-84E7-E988E9A28A86} = {BCF54DD7-6A2E-4B7D-A5BD-A3E378EE49AD}
		{23CD9E94-545B-4721-80A2-5509576D4029} = {BCF54DD7-6A2E-4B7D-A5BD-A3E378EE49AD}
	EndGlobalSection
	GlobalSection(ExtensibilityGlobals) = postSolution
		SolutionGuid = {61CAD781-D9FA-4877-9431-1CE87E195147}
	EndGlobalSection
EndGlobal
